// !$*UTF8*$!
{
	archiveVersion = 1;
	classes = {
	};
	objectVersion = 50;
	objects = {

/* Begin PBXBuildFile section */
		B5106257256EBA8700BF810C /* AppDelegate.swift in Sources */ = {isa = PBXBuildFile; fileRef = B5106256256EBA8700BF810C /* AppDelegate.swift */; };
		B5106259256EBA8700BF810C /* SceneDelegate.swift in Sources */ = {isa = PBXBuildFile; fileRef = B5106258256EBA8700BF810C /* SceneDelegate.swift */; };
		B510625B256EBA8700BF810C /* ViewController.swift in Sources */ = {isa = PBXBuildFile; fileRef = B510625A256EBA8700BF810C /* ViewController.swift */; };
		B510625E256EBA8700BF810C /* Main.storyboard in Resources */ = {isa = PBXBuildFile; fileRef = B510625C256EBA8700BF810C /* Main.storyboard */; };
		B5106260256EBA8700BF810C /* Assets.xcassets in Resources */ = {isa = PBXBuildFile; fileRef = B510625F256EBA8700BF810C /* Assets.xcassets */; };
		B5106263256EBA8700BF810C /* LaunchScreen.storyboard in Resources */ = {isa = PBXBuildFile; fileRef = B5106261256EBA8700BF810C /* LaunchScreen.storyboard */; };
		B5E796582571491300965B2D /* Common.swift in Sources */ = {isa = PBXBuildFile; fileRef = B5E796572571491300965B2D /* Common.swift */; };
		B5E7965B2571495500965B2D /* CommitCell.swift in Sources */ = {isa = PBXBuildFile; fileRef = B5E7965A2571495500965B2D /* CommitCell.swift */; };
/* End PBXBuildFile section */

/* Begin PBXFileReference section */
		B5106253256EBA8700BF810C /* ContributionsTest.app */ = {isa = PBXFileReference; explicitFileType = wrapper.application; includeInIndex = 0; path = ContributionsTest.app; sourceTree = BUILT_PRODUCTS_DIR; };
		B5106256256EBA8700BF810C /* AppDelegate.swift */ = {isa = PBXFileReference; lastKnownFileType = sourcecode.swift; path = AppDelegate.swift; sourceTree = "<group>"; };
		B5106258256EBA8700BF810C /* SceneDelegate.swift */ = {isa = PBXFileReference; lastKnownFileType = sourcecode.swift; path = SceneDelegate.swift; sourceTree = "<group>"; };
		B510625A256EBA8700BF810C /* ViewController.swift */ = {isa = PBXFileReference; lastKnownFileType = sourcecode.swift; path = ViewController.swift; sourceTree = "<group>"; };
		B510625D256EBA8700BF810C /* Base */ = {isa = PBXFileReference; lastKnownFileType = file.storyboard; name = Base; path = Base.lproj/Main.storyboard; sourceTree = "<group>"; };
		B510625F256EBA8700BF810C /* Assets.xcassets */ = {isa = PBXFileReference; lastKnownFileType = folder.assetcatalog; path = Assets.xcassets; sourceTree = "<group>"; };
		B5106262256EBA8700BF810C /* Base */ = {isa = PBXFileReference; lastKnownFileType = file.storyboard; name = Base; path = Base.lproj/LaunchScreen.storyboard; sourceTree = "<group>"; };
		B5106264256EBA8700BF810C /* Info.plist */ = {isa = PBXFileReference; lastKnownFileType = text.plist.xml; path = Info.plist; sourceTree = "<group>"; };
		B5E796572571491300965B2D /* Common.swift */ = {isa = PBXFileReference; lastKnownFileType = sourcecode.swift; path = Common.swift; sourceTree = "<group>"; };
		B5E7965A2571495500965B2D /* CommitCell.swift */ = {isa = PBXFileReference; lastKnownFileType = sourcecode.swift; path = CommitCell.swift; sourceTree = "<group>"; };
/* End PBXFileReference section */

/* Begin PBXFrameworksBuildPhase section */
		B5106250256EBA8700BF810C /* Frameworks */ = {
			isa = PBXFrameworksBuildPhase;
			buildActionMask = 2147483647;
			files = (
			);
			runOnlyForDeploymentPostprocessing = 0;
		};
/* End PBXFrameworksBuildPhase section */

/* Begin PBXGroup section */
		B510624A256EBA8700BF810C = {
			isa = PBXGroup;
			children = (
				B5106255256EBA8700BF810C /* ContributionsTest */,
				B5106254256EBA8700BF810C /* Products */,
			);
			sourceTree = "<group>";
		};
		B5106254256EBA8700BF810C /* Products */ = {
			isa = PBXGroup;
			children = (
				B5106253256EBA8700BF810C /* ContributionsTest.app */,
			);
			name = Products;
			sourceTree = "<group>";
		};
		B5106255256EBA8700BF810C /* ContributionsTest */ = {
			isa = PBXGroup;
			children = (
				B5106256256EBA8700BF810C /* AppDelegate.swift */,
				B5106258256EBA8700BF810C /* SceneDelegate.swift */,
				B5E796572571491300965B2D /* Common.swift */,
				B5E7965A2571495500965B2D /* CommitCell.swift */,
				B510625A256EBA8700BF810C /* ViewController.swift */,
				B510625C256EBA8700BF810C /* Main.storyboard */,
				B510625F256EBA8700BF810C /* Assets.xcassets */,
				B5106261256EBA8700BF810C /* LaunchScreen.storyboard */,
				B5106264256EBA8700BF810C /* Info.plist */,
			);
			path = ContributionsTest;
			sourceTree = "<group>";
		};
/* End PBXGroup section */

/* Begin PBXNativeTarget section */
		B5106252256EBA8700BF810C /* ContributionsTest */ = {
			isa = PBXNativeTarget;
			buildConfigurationList = B5106267256EBA8700BF810C /* Build configuration list for PBXNativeTarget "ContributionsTest" */;
			buildPhases = (
				B510624F256EBA8700BF810C /* Sources */,
				B5106250256EBA8700BF810C /* Frameworks */,
				B5106251256EBA8700BF810C /* Resources */,
			);
			buildRules = (
			);
			dependencies = (
			);
			name = ContributionsTest;
			productName = ContributionsTest;
			productReference = B5106253256EBA8700BF810C /* ContributionsTest.app */;
			productType = "com.apple.product-type.application";
		};
/* End PBXNativeTarget section */

/* Begin PBXProject section */
		B510624B256EBA8700BF810C /* Project object */ = {
			isa = PBXProject;
			attributes = {
				LastSwiftUpdateCheck = 1220;
				LastUpgradeCheck = 1220;
				TargetAttributes = {
					B5106252256EBA8700BF810C = {
						CreatedOnToolsVersion = 12.2;
					};
				};
			};
			buildConfigurationList = B510624E256EBA8700BF810C /* Build configuration list for PBXProject "ContributionsTest" */;
			compatibilityVersion = "Xcode 9.3";
			developmentRegion = en;
			hasScannedForEncodings = 0;
			knownRegions = (
				en,
				Base,
			);
			mainGroup = B510624A256EBA8700BF810C;
			productRefGroup = B5106254256EBA8700BF810C /* Products */;
			projectDirPath = "";
			projectRoot = "";
			targets = (
				B5106252256EBA8700BF810C /* ContributionsTest */,
			);
		};
/* End PBXProject section */

/* Begin PBXResourcesBuildPhase section */
		B5106251256EBA8700BF810C /* Resources */ = {
			isa = PBXResourcesBuildPhase;
			buildActionMask = 2147483647;
			files = (
				B5106263256EBA8700BF810C /* LaunchScreen.storyboard in Resources */,
				B5106260256EBA8700BF810C /* Assets.xcassets in Resources */,
				B510625E256EBA8700BF810C /* Main.storyboard in Resources */,
			);
			runOnlyForDeploymentPostprocessing = 0;
		};
/* End PBXResourcesBuildPhase section */

/* Begin PBXSourcesBuildPhase section */
		B510624F256EBA8700BF810C /* Sources */ = {
			isa = PBXSourcesBuildPhase;
			buildActionMask = 2147483647;
			files = (
				B5E796582571491300965B2D /* Common.swift in Sources */,
				B510625B256EBA8700BF810C /* ViewController.swift in Sources */,
				B5106257256EBA8700BF810C /* AppDelegate.swift in Sources */,
				B5106259256EBA8700BF810C /* SceneDelegate.swift in Sources */,
				B5E7965B2571495500965B2D /* CommitCell.swift in Sources */,
			);
			runOnlyForDeploymentPostprocessing = 0;
		};
/* End PBXSourcesBuildPhase section */

/* Begin PBXVariantGroup section */
		B510625C256EBA8700BF810C /* Main.storyboard */ = {
			isa = PBXVariantGroup;
			children = (
				B510625D256EBA8700BF810C /* Base */,
			);
			name = Main.storyboard;
			sourceTree = "<group>";
		};
		B5106261256EBA8700BF810C /* LaunchScreen.storyboard */ = {
			isa = PBXVariantGroup;
			children = (
				B5106262256EBA8700BF810C /* Base */,
			);
			name = LaunchScreen.storyboard;
			sourceTree = "<group>";
		};
/* End PBXVariantGroup section */

/* Begin XCBuildConfiguration section */
		B5106265256EBA8700BF810C /* Debug */ = {
			isa = XCBuildConfiguration;
			buildSettings = {
				ALWAYS_SEARCH_USER_PATHS = NO;
				CLANG_ANALYZER_NONNULL = YES;
				CLANG_ANALYZER_NUMBER_OBJECT_CONVERSION = YES_AGGRESSIVE;
				CLANG_CXX_LANGUAGE_STANDARD = "gnu++14";
				CLANG_CXX_LIBRARY = "libc++";
				CLANG_ENABLE_MODULES = YES;
				CLANG_ENABLE_OBJC_ARC = YES;
				CLANG_ENABLE_OBJC_WEAK = YES;
				CLANG_WARN_BLOCK_CAPTURE_AUTORELEASING = YES;
				CLANG_WARN_BOOL_CONVERSION = YES;
				CLANG_WARN_COMMA = YES;
				CLANG_WARN_CONSTANT_CONVERSION = YES;
				CLANG_WARN_DEPRECATED_OBJC_IMPLEMENTATIONS = YES;
				CLANG_WARN_DIRECT_OBJC_ISA_USAGE = YES_ERROR;
				CLANG_WARN_DOCUMENTATION_COMMENTS = YES;
				CLANG_WARN_EMPTY_BODY = YES;
				CLANG_WARN_ENUM_CONVERSION = YES;
				CLANG_WARN_INFINITE_RECURSION = YES;
				CLANG_WARN_INT_CONVERSION = YES;
				CLANG_WARN_NON_LITERAL_NULL_CONVERSION = YES;
				CLANG_WARN_OBJC_IMPLICIT_RETAIN_SELF = YES;
				CLANG_WARN_OBJC_LITERAL_CONVERSION = YES;
				CLANG_WARN_OBJC_ROOT_CLASS = YES_ERROR;
				CLANG_WARN_QUOTED_INCLUDE_IN_FRAMEWORK_HEADER = YES;
				CLANG_WARN_RANGE_LOOP_ANALYSIS = YES;
				CLANG_WARN_STRICT_PROTOTYPES = YES;
				CLANG_WARN_SUSPICIOUS_MOVE = YES;
				CLANG_WARN_UNGUARDED_AVAILABILITY = YES_AGGRESSIVE;
				CLANG_WARN_UNREACHABLE_CODE = YES;
				CLANG_WARN__DUPLICATE_METHOD_MATCH = YES;
				COPY_PHASE_STRIP = NO;
				DEBUG_INFORMATION_FORMAT = dwarf;
				ENABLE_STRICT_OBJC_MSGSEND = YES;
				ENABLE_TESTABILITY = YES;
				GCC_C_LANGUAGE_STANDARD = gnu11;
				GCC_DYNAMIC_NO_PIC = NO;
				GCC_NO_COMMON_BLOCKS = YES;
				GCC_OPTIMIZATION_LEVEL = 0;
				GCC_PREPROCESSOR_DEFINITIONS = (
					"DEBUG=1",
					"$(inherited)",
				);
				GCC_WARN_64_TO_32_BIT_CONVERSION = YES;
				GCC_WARN_ABOUT_RETURN_TYPE = YES_ERROR;
				GCC_WARN_UNDECLARED_SELECTOR = YES;
				GCC_WARN_UNINITIALIZED_AUTOS = YES_AGGRESSIVE;
				GCC_WARN_UNUSED_FUNCTION = YES;
				GCC_WARN_UNUSED_VARIABLE = YES;
				IPHONEOS_DEPLOYMENT_TARGET = 14.2;
				MTL_ENABLE_DEBUG_INFO = INCLUDE_SOURCE;
				MTL_FAST_MATH = YES;
				ONLY_ACTIVE_ARCH = YES;
				SDKROOT = iphoneos;
				SWIFT_ACTIVE_COMPILATION_CONDITIONS = DEBUG;
				SWIFT_OPTIMIZATION_LEVEL = "-Onone";
			};
			name = Debug;
		};
		B5106266256EBA8700BF810C /* Release */ = {
			isa = XCBuildConfiguration;
			buildSettings = {
				ALWAYS_SEARCH_USER_PATHS = NO;
				CLANG_ANALYZER_NONNULL = YES;
				CLANG_ANALYZER_NUMBER_OBJECT_CONVERSION = YES_AGGRESSIVE;
				CLANG_CXX_LANGUAGE_STANDARD = "gnu++14";
				CLANG_CXX_LIBRARY = "libc++";
				CLANG_ENABLE_MODULES = YES;
				CLANG_ENABLE_OBJC_ARC = YES;
				CLANG_ENABLE_OBJC_WEAK = YES;
				CLANG_WARN_BLOCK_CAPTURE_AUTORELEASING = YES;
				CLANG_WARN_BOOL_CONVERSION = YES;
				CLANG_WARN_COMMA = YES;
				CLANG_WARN_CONSTANT_CONVERSION = YES;
				CLANG_WARN_DEPRECATED_OBJC_IMPLEMENTATIONS = YES;
				CLANG_WARN_DIRECT_OBJC_ISA_USAGE = YES_ERROR;
				CLANG_WARN_DOCUMENTATION_COMMENTS = YES;
				CLANG_WARN_EMPTY_BODY = YES;
				CLANG_WARN_ENUM_CONVERSION = YES;
				CLANG_WARN_INFINITE_RECURSION = YES;
				CLANG_WARN_INT_CONVERSION = YES;
				CLANG_WARN_NON_LITERAL_NULL_CONVERSION = YES;
				CLANG_WARN_OBJC_IMPLICIT_RETAIN_SELF = YES;
				CLANG_WARN_OBJC_LITERAL_CONVERSION = YES;
				CLANG_WARN_OBJC_ROOT_CLASS = YES_ERROR;
				CLANG_WARN_QUOTED_INCLUDE_IN_FRAMEWORK_HEADER = YES;
				CLANG_WARN_RANGE_LOOP_ANALYSIS = YES;
				CLANG_WARN_STRICT_PROTOTYPES = YES;
				CLANG_WARN_SUSPICIOUS_MOVE = YES;
				CLANG_WARN_UNGUARDED_AVAILABILITY = YES_AGGRESSIVE;
				CLANG_WARN_UNREACHABLE_CODE = YES;
				CLANG_WARN__DUPLICATE_METHOD_MATCH = YES;
				COPY_PHASE_STRIP = NO;
				DEBUG_INFORMATION_FORMAT = "dwarf-with-dsym";
				ENABLE_NS_ASSERTIONS = NO;
				ENABLE_STRICT_OBJC_MSGSEND = YES;
				GCC_C_LANGUAGE_STANDARD = gnu11;
				GCC_NO_COMMON_BLOCKS = YES;
				GCC_WARN_64_TO_32_BIT_CONVERSION = YES;
				GCC_WARN_ABOUT_RETURN_TYPE = YES_ERROR;
				GCC_WARN_UNDECLARED_SELECTOR = YES;
				GCC_WARN_UNINITIALIZED_AUTOS = YES_AGGRESSIVE;
				GCC_WARN_UNUSED_FUNCTION = YES;
				GCC_WARN_UNUSED_VARIABLE = YES;
				IPHONEOS_DEPLOYMENT_TARGET = 14.2;
				MTL_ENABLE_DEBUG_INFO = NO;
				MTL_FAST_MATH = YES;
				SDKROOT = iphoneos;
				SWIFT_COMPILATION_MODE = wholemodule;
				SWIFT_OPTIMIZATION_LEVEL = "-O";
				VALIDATE_PRODUCT = YES;
			};
			name = Release;
		};
		B5106268256EBA8700BF810C /* Debug */ = {
			isa = XCBuildConfiguration;
			buildSettings = {
				ASSETCATALOG_COMPILER_APPICON_NAME = AppIcon;
				ASSETCATALOG_COMPILER_GLOBAL_ACCENT_COLOR_NAME = AccentColor;
				CODE_SIGN_STYLE = Automatic;
				DEVELOPMENT_TEAM = NSCRL9SYQK;
				INFOPLIST_FILE = ContributionsTest/Info.plist;
				LD_RUNPATH_SEARCH_PATHS = (
					"$(inherited)",
					"@executable_path/Frameworks",
				);
				PRODUCT_BUNDLE_IDENTIFIER = com.sbk.ContributionsTest;
				PRODUCT_NAME = "$(TARGET_NAME)";
				SWIFT_VERSION = 5.0;
				TARGETED_DEVICE_FAMILY = "1,2";
			};
			name = Debug;
		};
		B5106269256EBA8700BF810C /* Release */ = {
			isa = XCBuildConfiguration;
			buildSettings = {
				ASSETCATALOG_COMPILER_APPICON_NAME = AppIcon;
				ASSETCATALOG_COMPILER_GLOBAL_ACCENT_COLOR_NAME = AccentColor;
				CODE_SIGN_STYLE = Automatic;
				DEVELOPMENT_TEAM = NSCRL9SYQK;
				INFOPLIST_FILE = ContributionsTest/Info.plist;
				LD_RUNPATH_SEARCH_PATHS = (
					"$(inherited)",
					"@executable_path/Frameworks",
				);
				PRODUCT_BUNDLE_IDENTIFIER = com.sbk.ContributionsTest;
				PRODUCT_NAME = "$(TARGET_NAME)";
				SWIFT_VERSION = 5.0;
				TARGETED_DEVICE_FAMILY = "1,2";
			};
			name = Release;
		};
/* End XCBuildConfiguration section */

/* Begin XCConfigurationList section */
		B510624E256EBA8700BF810C /* Build configuration list for PBXProject "ContributionsTest" */ = {
			isa = XCConfigurationList;
			buildConfigurations = (
				B5106265256EBA8700BF810C /* Debug */,
				B5106266256EBA8700BF810C /* Release */,
			);
			defaultConfigurationIsVisible = 0;
			defaultConfigurationName = Release;
		};
		B5106267256EBA8700BF810C /* Build configuration list for PBXNativeTarget "ContributionsTest" */ = {
			isa = XCConfigurationList;
			buildConfigurations = (
				B5106268256EBA8700BF810C /* Debug */,
				B5106269256EBA8700BF810C /* Release */,
			);
			defaultConfigurationIsVisible = 0;
			defaultConfigurationName = Release;
		};
/* End XCConfigurationList section */
	};
	rootObject = B510624B256EBA8700BF810C /* Project object */;
}
