// !$*UTF8*$!
{
	archiveVersion = 1;
	classes = {
	};
	objectVersion = 50;
	objects = {

/* Begin PBXBuildFile section */
		B50F3F722518C541008701BB /* AppDelegate.swift in Sources */ = {isa = PBXBuildFile; fileRef = B50F3F712518C541008701BB /* AppDelegate.swift */; };
		B50F3F742518C541008701BB /* SceneDelegate.swift in Sources */ = {isa = PBXBuildFile; fileRef = B50F3F732518C541008701BB /* SceneDelegate.swift */; };
		B50F3F762518C541008701BB /* ViewController.swift in Sources */ = {isa = PBXBuildFile; fileRef = B50F3F752518C541008701BB /* ViewController.swift */; };
		B50F3F792518C541008701BB /* Main.storyboard in Resources */ = {isa = PBXBuildFile; fileRef = B50F3F772518C541008701BB /* Main.storyboard */; };
		B50F3F7B2518C542008701BB /* Assets.xcassets in Resources */ = {isa = PBXBuildFile; fileRef = B50F3F7A2518C542008701BB /* Assets.xcassets */; };
		B50F3F7E2518C542008701BB /* LaunchScreen.storyboard in Resources */ = {isa = PBXBuildFile; fileRef = B50F3F7C2518C542008701BB /* LaunchScreen.storyboard */; };
		B50F3F892518C542008701BB /* CustomKeyboardTests.swift in Sources */ = {isa = PBXBuildFile; fileRef = B50F3F882518C542008701BB /* CustomKeyboardTests.swift */; };
		B50F3F942518C542008701BB /* CustomKeyboardUITests.swift in Sources */ = {isa = PBXBuildFile; fileRef = B50F3F932518C542008701BB /* CustomKeyboardUITests.swift */; };
		B50F3FA52518C996008701BB /* CustomKeyboard.swift in Sources */ = {isa = PBXBuildFile; fileRef = B50F3FA42518C996008701BB /* CustomKeyboard.swift */; };
		B50F3FAA2518CA1F008701BB /* CustomKeyboard.xib in Resources */ = {isa = PBXBuildFile; fileRef = B50F3FA92518CA1F008701BB /* CustomKeyboard.xib */; };
/* End PBXBuildFile section */

/* Begin PBXContainerItemProxy section */
		B50F3F852518C542008701BB /* PBXContainerItemProxy */ = {
			isa = PBXContainerItemProxy;
			containerPortal = B50F3F662518C541008701BB /* Project object */;
			proxyType = 1;
			remoteGlobalIDString = B50F3F6D2518C541008701BB;
			remoteInfo = CustomKeyboard;
		};
		B50F3F902518C542008701BB /* PBXContainerItemProxy */ = {
			isa = PBXContainerItemProxy;
			containerPortal = B50F3F662518C541008701BB /* Project object */;
			proxyType = 1;
			remoteGlobalIDString = B50F3F6D2518C541008701BB;
			remoteInfo = CustomKeyboard;
		};
/* End PBXContainerItemProxy section */

/* Begin PBXFileReference section */
		B50F3F6E2518C541008701BB /* CustomKeyboard.app */ = {isa = PBXFileReference; explicitFileType = wrapper.application; includeInIndex = 0; path = CustomKeyboard.app; sourceTree = BUILT_PRODUCTS_DIR; };
		B50F3F712518C541008701BB /* AppDelegate.swift */ = {isa = PBXFileReference; lastKnownFileType = sourcecode.swift; path = AppDelegate.swift; sourceTree = "<group>"; };
		B50F3F732518C541008701BB /* SceneDelegate.swift */ = {isa = PBXFileReference; lastKnownFileType = sourcecode.swift; path = SceneDelegate.swift; sourceTree = "<group>"; };
		B50F3F752518C541008701BB /* ViewController.swift */ = {isa = PBXFileReference; lastKnownFileType = sourcecode.swift; path = ViewController.swift; sourceTree = "<group>"; };
		B50F3F782518C541008701BB /* Base */ = {isa = PBXFileReference; lastKnownFileType = file.storyboard; name = Base; path = Base.lproj/Main.storyboard; sourceTree = "<group>"; };
		B50F3F7A2518C542008701BB /* Assets.xcassets */ = {isa = PBXFileReference; lastKnownFileType = folder.assetcatalog; path = Assets.xcassets; sourceTree = "<group>"; };
		B50F3F7D2518C542008701BB /* Base */ = {isa = PBXFileReference; lastKnownFileType = file.storyboard; name = Base; path = Base.lproj/LaunchScreen.storyboard; sourceTree = "<group>"; };
		B50F3F7F2518C542008701BB /* Info.plist */ = {isa = PBXFileReference; lastKnownFileType = text.plist.xml; path = Info.plist; sourceTree = "<group>"; };
		B50F3F842518C542008701BB /* CustomKeyboardTests.xctest */ = {isa = PBXFileReference; explicitFileType = wrapper.cfbundle; includeInIndex = 0; path = CustomKeyboardTests.xctest; sourceTree = BUILT_PRODUCTS_DIR; };
		B50F3F882518C542008701BB /* CustomKeyboardTests.swift */ = {isa = PBXFileReference; lastKnownFileType = sourcecode.swift; path = CustomKeyboardTests.swift; sourceTree = "<group>"; };
		B50F3F8A2518C542008701BB /* Info.plist */ = {isa = PBXFileReference; lastKnownFileType = text.plist.xml; path = Info.plist; sourceTree = "<group>"; };
		B50F3F8F2518C542008701BB /* CustomKeyboardUITests.xctest */ = {isa = PBXFileReference; explicitFileType = wrapper.cfbundle; includeInIndex = 0; path = CustomKeyboardUITests.xctest; sourceTree = BUILT_PRODUCTS_DIR; };
		B50F3F932518C542008701BB /* CustomKeyboardUITests.swift */ = {isa = PBXFileReference; lastKnownFileType = sourcecode.swift; path = CustomKeyboardUITests.swift; sourceTree = "<group>"; };
		B50F3F952518C542008701BB /* Info.plist */ = {isa = PBXFileReference; lastKnownFileType = text.plist.xml; path = Info.plist; sourceTree = "<group>"; };
		B50F3FA42518C996008701BB /* CustomKeyboard.swift */ = {isa = PBXFileReference; lastKnownFileType = sourcecode.swift; path = CustomKeyboard.swift; sourceTree = "<group>"; };
		B50F3FA92518CA1F008701BB /* CustomKeyboard.xib */ = {isa = PBXFileReference; lastKnownFileType = file.xib; path = CustomKeyboard.xib; sourceTree = "<group>"; };
/* End PBXFileReference section */

/* Begin PBXFrameworksBuildPhase section */
		B50F3F6B2518C541008701BB /* Frameworks */ = {
			isa = PBXFrameworksBuildPhase;
			buildActionMask = 2147483647;
			files = (
			);
			runOnlyForDeploymentPostprocessing = 0;
		};
		B50F3F812518C542008701BB /* Frameworks */ = {
			isa = PBXFrameworksBuildPhase;
			buildActionMask = 2147483647;
			files = (
			);
			runOnlyForDeploymentPostprocessing = 0;
		};
		B50F3F8C2518C542008701BB /* Frameworks */ = {
			isa = PBXFrameworksBuildPhase;
			buildActionMask = 2147483647;
			files = (
			);
			runOnlyForDeploymentPostprocessing = 0;
		};
/* End PBXFrameworksBuildPhase section */

/* Begin PBXGroup section */
		B50F3F652518C541008701BB = {
			isa = PBXGroup;
			children = (
				B50F3F702518C541008701BB /* CustomKeyboard */,
				B50F3F872518C542008701BB /* CustomKeyboardTests */,
				B50F3F922518C542008701BB /* CustomKeyboardUITests */,
				B50F3F6F2518C541008701BB /* Products */,
			);
			sourceTree = "<group>";
		};
		B50F3F6F2518C541008701BB /* Products */ = {
			isa = PBXGroup;
			children = (
				B50F3F6E2518C541008701BB /* CustomKeyboard.app */,
				B50F3F842518C542008701BB /* CustomKeyboardTests.xctest */,
				B50F3F8F2518C542008701BB /* CustomKeyboardUITests.xctest */,
			);
			name = Products;
			sourceTree = "<group>";
		};
		B50F3F702518C541008701BB /* CustomKeyboard */ = {
			isa = PBXGroup;
			children = (
				B50F3F712518C541008701BB /* AppDelegate.swift */,
				B50F3F732518C541008701BB /* SceneDelegate.swift */,
				B50F3F752518C541008701BB /* ViewController.swift */,
				B50F3FA42518C996008701BB /* CustomKeyboard.swift */,
				B50F3FA92518CA1F008701BB /* CustomKeyboard.xib */,
				B50F3F772518C541008701BB /* Main.storyboard */,
				B50F3F7A2518C542008701BB /* Assets.xcassets */,
				B50F3F7C2518C542008701BB /* LaunchScreen.storyboard */,
				B50F3F7F2518C542008701BB /* Info.plist */,
			);
			path = CustomKeyboard;
			sourceTree = "<group>";
		};
		B50F3F872518C542008701BB /* CustomKeyboardTests */ = {
			isa = PBXGroup;
			children = (
				B50F3F882518C542008701BB /* CustomKeyboardTests.swift */,
				B50F3F8A2518C542008701BB /* Info.plist */,
			);
			path = CustomKeyboardTests;
			sourceTree = "<group>";
		};
		B50F3F922518C542008701BB /* CustomKeyboardUITests */ = {
			isa = PBXGroup;
			children = (
				B50F3F932518C542008701BB /* CustomKeyboardUITests.swift */,
				B50F3F952518C542008701BB /* Info.plist */,
			);
			path = CustomKeyboardUITests;
			sourceTree = "<group>";
		};
/* End PBXGroup section */

/* Begin PBXNativeTarget section */
		B50F3F6D2518C541008701BB /* CustomKeyboard */ = {
			isa = PBXNativeTarget;
			buildConfigurationList = B50F3F982518C542008701BB /* Build configuration list for PBXNativeTarget "CustomKeyboard" */;
			buildPhases = (
				B50F3F6A2518C541008701BB /* Sources */,
				B50F3F6B2518C541008701BB /* Frameworks */,
				B50F3F6C2518C541008701BB /* Resources */,
			);
			buildRules = (
			);
			dependencies = (
			);
			name = CustomKeyboard;
			productName = CustomKeyboard;
			productReference = B50F3F6E2518C541008701BB /* CustomKeyboard.app */;
			productType = "com.apple.product-type.application";
		};
		B50F3F832518C542008701BB /* CustomKeyboardTests */ = {
			isa = PBXNativeTarget;
			buildConfigurationList = B50F3F9B2518C542008701BB /* Build configuration list for PBXNativeTarget "CustomKeyboardTests" */;
			buildPhases = (
				B50F3F802518C542008701BB /* Sources */,
				B50F3F812518C542008701BB /* Frameworks */,
				B50F3F822518C542008701BB /* Resources */,
			);
			buildRules = (
			);
			dependencies = (
				B50F3F862518C542008701BB /* PBXTargetDependency */,
			);
			name = CustomKeyboardTests;
			productName = CustomKeyboardTests;
			productReference = B50F3F842518C542008701BB /* CustomKeyboardTests.xctest */;
			productType = "com.apple.product-type.bundle.unit-test";
		};
		B50F3F8E2518C542008701BB /* CustomKeyboardUITests */ = {
			isa = PBXNativeTarget;
			buildConfigurationList = B50F3F9E2518C542008701BB /* Build configuration list for PBXNativeTarget "CustomKeyboardUITests" */;
			buildPhases = (
				B50F3F8B2518C542008701BB /* Sources */,
				B50F3F8C2518C542008701BB /* Frameworks */,
				B50F3F8D2518C542008701BB /* Resources */,
			);
			buildRules = (
			);
			dependencies = (
				B50F3F912518C542008701BB /* PBXTargetDependency */,
			);
			name = CustomKeyboardUITests;
			productName = CustomKeyboardUITests;
			productReference = B50F3F8F2518C542008701BB /* CustomKeyboardUITests.xctest */;
			productType = "com.apple.product-type.bundle.ui-testing";
		};
/* End PBXNativeTarget section */

/* Begin PBXProject section */
		B50F3F662518C541008701BB /* Project object */ = {
			isa = PBXProject;
			attributes = {
				LastSwiftUpdateCheck = 1200;
				LastUpgradeCheck = 1200;
				TargetAttributes = {
					B50F3F6D2518C541008701BB = {
						CreatedOnToolsVersion = 12.0;
					};
					B50F3F832518C542008701BB = {
						CreatedOnToolsVersion = 12.0;
						TestTargetID = B50F3F6D2518C541008701BB;
					};
					B50F3F8E2518C542008701BB = {
						CreatedOnToolsVersion = 12.0;
						TestTargetID = B50F3F6D2518C541008701BB;
					};
				};
			};
			buildConfigurationList = B50F3F692518C541008701BB /* Build configuration list for PBXProject "CustomKeyboard" */;
			compatibilityVersion = "Xcode 9.3";
			developmentRegion = en;
			hasScannedForEncodings = 0;
			knownRegions = (
				en,
				Base,
			);
			mainGroup = B50F3F652518C541008701BB;
			productRefGroup = B50F3F6F2518C541008701BB /* Products */;
			projectDirPath = "";
			projectRoot = "";
			targets = (
				B50F3F6D2518C541008701BB /* CustomKeyboard */,
				B50F3F832518C542008701BB /* CustomKeyboardTests */,
				B50F3F8E2518C542008701BB /* CustomKeyboardUITests */,
			);
		};
/* End PBXProject section */

/* Begin PBXResourcesBuildPhase section */
		B50F3F6C2518C541008701BB /* Resources */ = {
			isa = PBXResourcesBuildPhase;
			buildActionMask = 2147483647;
			files = (
				B50F3F7E2518C542008701BB /* LaunchScreen.storyboard in Resources */,
				B50F3F7B2518C542008701BB /* Assets.xcassets in Resources */,
				B50F3F792518C541008701BB /* Main.storyboard in Resources */,
				B50F3FAA2518CA1F008701BB /* CustomKeyboard.xib in Resources */,
			);
			runOnlyForDeploymentPostprocessing = 0;
		};
		B50F3F822518C542008701BB /* Resources */ = {
			isa = PBXResourcesBuildPhase;
			buildActionMask = 2147483647;
			files = (
			);
			runOnlyForDeploymentPostprocessing = 0;
		};
		B50F3F8D2518C542008701BB /* Resources */ = {
			isa = PBXResourcesBuildPhase;
			buildActionMask = 2147483647;
			files = (
			);
			runOnlyForDeploymentPostprocessing = 0;
		};
/* End PBXResourcesBuildPhase section */

/* Begin PBXSourcesBuildPhase section */
		B50F3F6A2518C541008701BB /* Sources */ = {
			isa = PBXSourcesBuildPhase;
			buildActionMask = 2147483647;
			files = (
				B50F3F762518C541008701BB /* ViewController.swift in Sources */,
				B50F3F722518C541008701BB /* AppDelegate.swift in Sources */,
				B50F3F742518C541008701BB /* SceneDelegate.swift in Sources */,
				B50F3FA52518C996008701BB /* CustomKeyboard.swift in Sources */,
			);
			runOnlyForDeploymentPostprocessing = 0;
		};
		B50F3F802518C542008701BB /* Sources */ = {
			isa = PBXSourcesBuildPhase;
			buildActionMask = 2147483647;
			files = (
				B50F3F892518C542008701BB /* CustomKeyboardTests.swift in Sources */,
			);
			runOnlyForDeploymentPostprocessing = 0;
		};
		B50F3F8B2518C542008701BB /* Sources */ = {
			isa = PBXSourcesBuildPhase;
			buildActionMask = 2147483647;
			files = (
				B50F3F942518C542008701BB /* CustomKeyboardUITests.swift in Sources */,
			);
			runOnlyForDeploymentPostprocessing = 0;
		};
/* End PBXSourcesBuildPhase section */

/* Begin PBXTargetDependency section */
		B50F3F862518C542008701BB /* PBXTargetDependency */ = {
			isa = PBXTargetDependency;
			target = B50F3F6D2518C541008701BB /* CustomKeyboard */;
			targetProxy = B50F3F852518C542008701BB /* PBXContainerItemProxy */;
		};
		B50F3F912518C542008701BB /* PBXTargetDependency */ = {
			isa = PBXTargetDependency;
			target = B50F3F6D2518C541008701BB /* CustomKeyboard */;
			targetProxy = B50F3F902518C542008701BB /* PBXContainerItemProxy */;
		};
/* End PBXTargetDependency section */

/* Begin PBXVariantGroup section */
		B50F3F772518C541008701BB /* Main.storyboard */ = {
			isa = PBXVariantGroup;
			children = (
				B50F3F782518C541008701BB /* Base */,
			);
			name = Main.storyboard;
			sourceTree = "<group>";
		};
		B50F3F7C2518C542008701BB /* LaunchScreen.storyboard */ = {
			isa = PBXVariantGroup;
			children = (
				B50F3F7D2518C542008701BB /* Base */,
			);
			name = LaunchScreen.storyboard;
			sourceTree = "<group>";
		};
/* End PBXVariantGroup section */

/* Begin XCBuildConfiguration section */
		B50F3F962518C542008701BB /* Debug */ = {
			isa = XCBuildConfiguration;
			buildSettings = {
				ALWAYS_SEARCH_USER_PATHS = NO;
				CLANG_ANALYZER_NONNULL = YES;
				CLANG_ANALYZER_NUMBER_OBJECT_CONVERSION = YES_AGGRESSIVE;
				CLANG_CXX_LANGUAGE_STANDARD = "gnu++14";
				CLANG_CXX_LIBRARY = "libc++";
				CLANG_ENABLE_MODULES = YES;
				CLANG_ENABLE_OBJC_ARC = YES;
				CLANG_ENABLE_OBJC_WEAK = YES;
				CLANG_WARN_BLOCK_CAPTURE_AUTORELEASING = YES;
				CLANG_WARN_BOOL_CONVERSION = YES;
				CLANG_WARN_COMMA = YES;
				CLANG_WARN_CONSTANT_CONVERSION = YES;
				CLANG_WARN_DEPRECATED_OBJC_IMPLEMENTATIONS = YES;
				CLANG_WARN_DIRECT_OBJC_ISA_USAGE = YES_ERROR;
				CLANG_WARN_DOCUMENTATION_COMMENTS = YES;
				CLANG_WARN_EMPTY_BODY = YES;
				CLANG_WARN_ENUM_CONVERSION = YES;
				CLANG_WARN_INFINITE_RECURSION = YES;
				CLANG_WARN_INT_CONVERSION = YES;
				CLANG_WARN_NON_LITERAL_NULL_CONVERSION = YES;
				CLANG_WARN_OBJC_IMPLICIT_RETAIN_SELF = YES;
				CLANG_WARN_OBJC_LITERAL_CONVERSION = YES;
				CLANG_WARN_OBJC_ROOT_CLASS = YES_ERROR;
				CLANG_WARN_QUOTED_INCLUDE_IN_FRAMEWORK_HEADER = YES;
				CLANG_WARN_RANGE_LOOP_ANALYSIS = YES;
				CLANG_WARN_STRICT_PROTOTYPES = YES;
				CLANG_WARN_SUSPICIOUS_MOVE = YES;
				CLANG_WARN_UNGUARDED_AVAILABILITY = YES_AGGRESSIVE;
				CLANG_WARN_UNREACHABLE_CODE = YES;
				CLANG_WARN__DUPLICATE_METHOD_MATCH = YES;
				COPY_PHASE_STRIP = NO;
				DEBUG_INFORMATION_FORMAT = dwarf;
				ENABLE_STRICT_OBJC_MSGSEND = YES;
				ENABLE_TESTABILITY = YES;
				GCC_C_LANGUAGE_STANDARD = gnu11;
				GCC_DYNAMIC_NO_PIC = NO;
				GCC_NO_COMMON_BLOCKS = YES;
				GCC_OPTIMIZATION_LEVEL = 0;
				GCC_PREPROCESSOR_DEFINITIONS = (
					"DEBUG=1",
					"$(inherited)",
				);
				GCC_WARN_64_TO_32_BIT_CONVERSION = YES;
				GCC_WARN_ABOUT_RETURN_TYPE = YES_ERROR;
				GCC_WARN_UNDECLARED_SELECTOR = YES;
				GCC_WARN_UNINITIALIZED_AUTOS = YES_AGGRESSIVE;
				GCC_WARN_UNUSED_FUNCTION = YES;
				GCC_WARN_UNUSED_VARIABLE = YES;
				IPHONEOS_DEPLOYMENT_TARGET = 14.0;
				MTL_ENABLE_DEBUG_INFO = INCLUDE_SOURCE;
				MTL_FAST_MATH = YES;
				ONLY_ACTIVE_ARCH = YES;
				SDKROOT = iphoneos;
				SWIFT_ACTIVE_COMPILATION_CONDITIONS = DEBUG;
				SWIFT_OPTIMIZATION_LEVEL = "-Onone";
			};
			name = Debug;
		};
		B50F3F972518C542008701BB /* Release */ = {
			isa = XCBuildConfiguration;
			buildSettings = {
				ALWAYS_SEARCH_USER_PATHS = NO;
				CLANG_ANALYZER_NONNULL = YES;
				CLANG_ANALYZER_NUMBER_OBJECT_CONVERSION = YES_AGGRESSIVE;
				CLANG_CXX_LANGUAGE_STANDARD = "gnu++14";
				CLANG_CXX_LIBRARY = "libc++";
				CLANG_ENABLE_MODULES = YES;
				CLANG_ENABLE_OBJC_ARC = YES;
				CLANG_ENABLE_OBJC_WEAK = YES;
				CLANG_WARN_BLOCK_CAPTURE_AUTORELEASING = YES;
				CLANG_WARN_BOOL_CONVERSION = YES;
				CLANG_WARN_COMMA = YES;
				CLANG_WARN_CONSTANT_CONVERSION = YES;
				CLANG_WARN_DEPRECATED_OBJC_IMPLEMENTATIONS = YES;
				CLANG_WARN_DIRECT_OBJC_ISA_USAGE = YES_ERROR;
				CLANG_WARN_DOCUMENTATION_COMMENTS = YES;
				CLANG_WARN_EMPTY_BODY = YES;
				CLANG_WARN_ENUM_CONVERSION = YES;
				CLANG_WARN_INFINITE_RECURSION = YES;
				CLANG_WARN_INT_CONVERSION = YES;
				CLANG_WARN_NON_LITERAL_NULL_CONVERSION = YES;
				CLANG_WARN_OBJC_IMPLICIT_RETAIN_SELF = YES;
				CLANG_WARN_OBJC_LITERAL_CONVERSION = YES;
				CLANG_WARN_OBJC_ROOT_CLASS = YES_ERROR;
				CLANG_WARN_QUOTED_INCLUDE_IN_FRAMEWORK_HEADER = YES;
				CLANG_WARN_RANGE_LOOP_ANALYSIS = YES;
				CLANG_WARN_STRICT_PROTOTYPES = YES;
				CLANG_WARN_SUSPICIOUS_MOVE = YES;
				CLANG_WARN_UNGUARDED_AVAILABILITY = YES_AGGRESSIVE;
				CLANG_WARN_UNREACHABLE_CODE = YES;
				CLANG_WARN__DUPLICATE_METHOD_MATCH = YES;
				COPY_PHASE_STRIP = NO;
				DEBUG_INFORMATION_FORMAT = "dwarf-with-dsym";
				ENABLE_NS_ASSERTIONS = NO;
				ENABLE_STRICT_OBJC_MSGSEND = YES;
				GCC_C_LANGUAGE_STANDARD = gnu11;
				GCC_NO_COMMON_BLOCKS = YES;
				GCC_WARN_64_TO_32_BIT_CONVERSION = YES;
				GCC_WARN_ABOUT_RETURN_TYPE = YES_ERROR;
				GCC_WARN_UNDECLARED_SELECTOR = YES;
				GCC_WARN_UNINITIALIZED_AUTOS = YES_AGGRESSIVE;
				GCC_WARN_UNUSED_FUNCTION = YES;
				GCC_WARN_UNUSED_VARIABLE = YES;
				IPHONEOS_DEPLOYMENT_TARGET = 14.0;
				MTL_ENABLE_DEBUG_INFO = NO;
				MTL_FAST_MATH = YES;
				SDKROOT = iphoneos;
				SWIFT_COMPILATION_MODE = wholemodule;
				SWIFT_OPTIMIZATION_LEVEL = "-O";
				VALIDATE_PRODUCT = YES;
			};
			name = Release;
		};
		B50F3F992518C542008701BB /* Debug */ = {
			isa = XCBuildConfiguration;
			buildSettings = {
				ASSETCATALOG_COMPILER_APPICON_NAME = AppIcon;
				ASSETCATALOG_COMPILER_GLOBAL_ACCENT_COLOR_NAME = AccentColor;
				CODE_SIGN_STYLE = Automatic;
				DEVELOPMENT_TEAM = NSCRL9SYQK;
				INFOPLIST_FILE = CustomKeyboard/Info.plist;
				LD_RUNPATH_SEARCH_PATHS = (
					"$(inherited)",
					"@executable_path/Frameworks",
				);
				PRODUCT_BUNDLE_IDENTIFIER = com.sbk.CustomKeyboard;
				PRODUCT_NAME = "$(TARGET_NAME)";
				SWIFT_VERSION = 5.0;
				TARGETED_DEVICE_FAMILY = "1,2";
			};
			name = Debug;
		};
		B50F3F9A2518C542008701BB /* Release */ = {
			isa = XCBuildConfiguration;
			buildSettings = {
				ASSETCATALOG_COMPILER_APPICON_NAME = AppIcon;
				ASSETCATALOG_COMPILER_GLOBAL_ACCENT_COLOR_NAME = AccentColor;
				CODE_SIGN_STYLE = Automatic;
				DEVELOPMENT_TEAM = NSCRL9SYQK;
				INFOPLIST_FILE = CustomKeyboard/Info.plist;
				LD_RUNPATH_SEARCH_PATHS = (
					"$(inherited)",
					"@executable_path/Frameworks",
				);
				PRODUCT_BUNDLE_IDENTIFIER = com.sbk.CustomKeyboard;
				PRODUCT_NAME = "$(TARGET_NAME)";
				SWIFT_VERSION = 5.0;
				TARGETED_DEVICE_FAMILY = "1,2";
			};
			name = Release;
		};
		B50F3F9C2518C542008701BB /* Debug */ = {
			isa = XCBuildConfiguration;
			buildSettings = {
				ALWAYS_EMBED_SWIFT_STANDARD_LIBRARIES = YES;
				BUNDLE_LOADER = "$(TEST_HOST)";
				CODE_SIGN_STYLE = Automatic;
				DEVELOPMENT_TEAM = NSCRL9SYQK;
				INFOPLIST_FILE = CustomKeyboardTests/Info.plist;
				IPHONEOS_DEPLOYMENT_TARGET = 14.0;
				LD_RUNPATH_SEARCH_PATHS = (
					"$(inherited)",
					"@executable_path/Frameworks",
					"@loader_path/Frameworks",
				);
				PRODUCT_BUNDLE_IDENTIFIER = com.sbk.CustomKeyboardTests;
				PRODUCT_NAME = "$(TARGET_NAME)";
				SWIFT_VERSION = 5.0;
				TARGETED_DEVICE_FAMILY = "1,2";
				TEST_HOST = "$(BUILT_PRODUCTS_DIR)/CustomKeyboard.app/CustomKeyboard";
			};
			name = Debug;
		};
		B50F3F9D2518C542008701BB /* Release */ = {
			isa = XCBuildConfiguration;
			buildSettings = {
				ALWAYS_EMBED_SWIFT_STANDARD_LIBRARIES = YES;
				BUNDLE_LOADER = "$(TEST_HOST)";
				CODE_SIGN_STYLE = Automatic;
				DEVELOPMENT_TEAM = NSCRL9SYQK;
				INFOPLIST_FILE = CustomKeyboardTests/Info.plist;
				IPHONEOS_DEPLOYMENT_TARGET = 14.0;
				LD_RUNPATH_SEARCH_PATHS = (
					"$(inherited)",
					"@executable_path/Frameworks",
					"@loader_path/Frameworks",
				);
				PRODUCT_BUNDLE_IDENTIFIER = com.sbk.CustomKeyboardTests;
				PRODUCT_NAME = "$(TARGET_NAME)";
				SWIFT_VERSION = 5.0;
				TARGETED_DEVICE_FAMILY = "1,2";
				TEST_HOST = "$(BUILT_PRODUCTS_DIR)/CustomKeyboard.app/CustomKeyboard";
			};
			name = Release;
		};
		B50F3F9F2518C542008701BB /* Debug */ = {
			isa = XCBuildConfiguration;
			buildSettings = {
				ALWAYS_EMBED_SWIFT_STANDARD_LIBRARIES = YES;
				CODE_SIGN_STYLE = Automatic;
				DEVELOPMENT_TEAM = NSCRL9SYQK;
				INFOPLIST_FILE = CustomKeyboardUITests/Info.plist;
				LD_RUNPATH_SEARCH_PATHS = (
					"$(inherited)",
					"@executable_path/Frameworks",
					"@loader_path/Frameworks",
				);
				PRODUCT_BUNDLE_IDENTIFIER = com.sbk.CustomKeyboardUITests;
				PRODUCT_NAME = "$(TARGET_NAME)";
				SWIFT_VERSION = 5.0;
				TARGETED_DEVICE_FAMILY = "1,2";
				TEST_TARGET_NAME = CustomKeyboard;
			};
			name = Debug;
		};
		B50F3FA02518C542008701BB /* Release */ = {
			isa = XCBuildConfiguration;
			buildSettings = {
				ALWAYS_EMBED_SWIFT_STANDARD_LIBRARIES = YES;
				CODE_SIGN_STYLE = Automatic;
				DEVELOPMENT_TEAM = NSCRL9SYQK;
				INFOPLIST_FILE = CustomKeyboardUITests/Info.plist;
				LD_RUNPATH_SEARCH_PATHS = (
					"$(inherited)",
					"@executable_path/Frameworks",
					"@loader_path/Frameworks",
				);
				PRODUCT_BUNDLE_IDENTIFIER = com.sbk.CustomKeyboardUITests;
				PRODUCT_NAME = "$(TARGET_NAME)";
				SWIFT_VERSION = 5.0;
				TARGETED_DEVICE_FAMILY = "1,2";
				TEST_TARGET_NAME = CustomKeyboard;
			};
			name = Release;
		};
/* End XCBuildConfiguration section */

/* Begin XCConfigurationList section */
		B50F3F692518C541008701BB /* Build configuration list for PBXProject "CustomKeyboard" */ = {
			isa = XCConfigurationList;
			buildConfigurations = (
				B50F3F962518C542008701BB /* Debug */,
				B50F3F972518C542008701BB /* Release */,
			);
			defaultConfigurationIsVisible = 0;
			defaultConfigurationName = Release;
		};
		B50F3F982518C542008701BB /* Build configuration list for PBXNativeTarget "CustomKeyboard" */ = {
			isa = XCConfigurationList;
			buildConfigurations = (
				B50F3F992518C542008701BB /* Debug */,
				B50F3F9A2518C542008701BB /* Release */,
			);
			defaultConfigurationIsVisible = 0;
			defaultConfigurationName = Release;
		};
		B50F3F9B2518C542008701BB /* Build configuration list for PBXNativeTarget "CustomKeyboardTests" */ = {
			isa = XCConfigurationList;
			buildConfigurations = (
				B50F3F9C2518C542008701BB /* Debug */,
				B50F3F9D2518C542008701BB /* Release */,
			);
			defaultConfigurationIsVisible = 0;
			defaultConfigurationName = Release;
		};
		B50F3F9E2518C542008701BB /* Build configuration list for PBXNativeTarget "CustomKeyboardUITests" */ = {
			isa = XCConfigurationList;
			buildConfigurations = (
				B50F3F9F2518C542008701BB /* Debug */,
				B50F3FA02518C542008701BB /* Release */,
			);
			defaultConfigurationIsVisible = 0;
			defaultConfigurationName = Release;
		};
/* End XCConfigurationList section */
	};
	rootObject = B50F3F662518C541008701BB /* Project object */;
}
