// !$*UTF8*$!
{
	archiveVersion = 1;
	classes = {
	};
	objectVersion = 50;
	objects = {

/* Begin PBXBuildFile section */
		B5E0F2FE2519BDE100E0D511 /* AppDelegate.swift in Sources */ = {isa = PBXBuildFile; fileRef = B5E0F2FD2519BDE100E0D511 /* AppDelegate.swift */; };
		B5E0F3002519BDE100E0D511 /* SceneDelegate.swift in Sources */ = {isa = PBXBuildFile; fileRef = B5E0F2FF2519BDE100E0D511 /* SceneDelegate.swift */; };
		B5E0F3022519BDE100E0D511 /* ViewController.swift in Sources */ = {isa = PBXBuildFile; fileRef = B5E0F3012519BDE100E0D511 /* ViewController.swift */; };
		B5E0F3052519BDE100E0D511 /* Main.storyboard in Resources */ = {isa = PBXBuildFile; fileRef = B5E0F3032519BDE100E0D511 /* Main.storyboard */; };
		B5E0F3072519BDE200E0D511 /* Assets.xcassets in Resources */ = {isa = PBXBuildFile; fileRef = B5E0F3062519BDE200E0D511 /* Assets.xcassets */; };
		B5E0F30A2519BDE200E0D511 /* LaunchScreen.storyboard in Resources */ = {isa = PBXBuildFile; fileRef = B5E0F3082519BDE200E0D511 /* LaunchScreen.storyboard */; };
		B5E0F3152519BDE200E0D511 /* Chart_MultiplerTests.swift in Sources */ = {isa = PBXBuildFile; fileRef = B5E0F3142519BDE200E0D511 /* Chart_MultiplerTests.swift */; };
		B5E0F3202519BDE200E0D511 /* Chart_MultiplerUITests.swift in Sources */ = {isa = PBXBuildFile; fileRef = B5E0F31F2519BDE200E0D511 /* Chart_MultiplerUITests.swift */; };
/* End PBXBuildFile section */

/* Begin PBXContainerItemProxy section */
		B5E0F3112519BDE200E0D511 /* PBXContainerItemProxy */ = {
			isa = PBXContainerItemProxy;
			containerPortal = B5E0F2F22519BDE100E0D511 /* Project object */;
			proxyType = 1;
			remoteGlobalIDString = B5E0F2F92519BDE100E0D511;
			remoteInfo = Chart_Multipler;
		};
		B5E0F31C2519BDE200E0D511 /* PBXContainerItemProxy */ = {
			isa = PBXContainerItemProxy;
			containerPortal = B5E0F2F22519BDE100E0D511 /* Project object */;
			proxyType = 1;
			remoteGlobalIDString = B5E0F2F92519BDE100E0D511;
			remoteInfo = Chart_Multipler;
		};
/* End PBXContainerItemProxy section */

/* Begin PBXFileReference section */
		B5E0F2FA2519BDE100E0D511 /* Chart_Multipler.app */ = {isa = PBXFileReference; explicitFileType = wrapper.application; includeInIndex = 0; path = Chart_Multipler.app; sourceTree = BUILT_PRODUCTS_DIR; };
		B5E0F2FD2519BDE100E0D511 /* AppDelegate.swift */ = {isa = PBXFileReference; lastKnownFileType = sourcecode.swift; path = AppDelegate.swift; sourceTree = "<group>"; };
		B5E0F2FF2519BDE100E0D511 /* SceneDelegate.swift */ = {isa = PBXFileReference; lastKnownFileType = sourcecode.swift; path = SceneDelegate.swift; sourceTree = "<group>"; };
		B5E0F3012519BDE100E0D511 /* ViewController.swift */ = {isa = PBXFileReference; lastKnownFileType = sourcecode.swift; path = ViewController.swift; sourceTree = "<group>"; };
		B5E0F3042519BDE100E0D511 /* Base */ = {isa = PBXFileReference; lastKnownFileType = file.storyboard; name = Base; path = Base.lproj/Main.storyboard; sourceTree = "<group>"; };
		B5E0F3062519BDE200E0D511 /* Assets.xcassets */ = {isa = PBXFileReference; lastKnownFileType = folder.assetcatalog; path = Assets.xcassets; sourceTree = "<group>"; };
		B5E0F3092519BDE200E0D511 /* Base */ = {isa = PBXFileReference; lastKnownFileType = file.storyboard; name = Base; path = Base.lproj/LaunchScreen.storyboard; sourceTree = "<group>"; };
		B5E0F30B2519BDE200E0D511 /* Info.plist */ = {isa = PBXFileReference; lastKnownFileType = text.plist.xml; path = Info.plist; sourceTree = "<group>"; };
		B5E0F3102519BDE200E0D511 /* Chart_MultiplerTests.xctest */ = {isa = PBXFileReference; explicitFileType = wrapper.cfbundle; includeInIndex = 0; path = Chart_MultiplerTests.xctest; sourceTree = BUILT_PRODUCTS_DIR; };
		B5E0F3142519BDE200E0D511 /* Chart_MultiplerTests.swift */ = {isa = PBXFileReference; lastKnownFileType = sourcecode.swift; path = Chart_MultiplerTests.swift; sourceTree = "<group>"; };
		B5E0F3162519BDE200E0D511 /* Info.plist */ = {isa = PBXFileReference; lastKnownFileType = text.plist.xml; path = Info.plist; sourceTree = "<group>"; };
		B5E0F31B2519BDE200E0D511 /* Chart_MultiplerUITests.xctest */ = {isa = PBXFileReference; explicitFileType = wrapper.cfbundle; includeInIndex = 0; path = Chart_MultiplerUITests.xctest; sourceTree = BUILT_PRODUCTS_DIR; };
		B5E0F31F2519BDE200E0D511 /* Chart_MultiplerUITests.swift */ = {isa = PBXFileReference; lastKnownFileType = sourcecode.swift; path = Chart_MultiplerUITests.swift; sourceTree = "<group>"; };
		B5E0F3212519BDE200E0D511 /* Info.plist */ = {isa = PBXFileReference; lastKnownFileType = text.plist.xml; path = Info.plist; sourceTree = "<group>"; };
/* End PBXFileReference section */

/* Begin PBXFrameworksBuildPhase section */
		B5E0F2F72519BDE100E0D511 /* Frameworks */ = {
			isa = PBXFrameworksBuildPhase;
			buildActionMask = 2147483647;
			files = (
			);
			runOnlyForDeploymentPostprocessing = 0;
		};
		B5E0F30D2519BDE200E0D511 /* Frameworks */ = {
			isa = PBXFrameworksBuildPhase;
			buildActionMask = 2147483647;
			files = (
			);
			runOnlyForDeploymentPostprocessing = 0;
		};
		B5E0F3182519BDE200E0D511 /* Frameworks */ = {
			isa = PBXFrameworksBuildPhase;
			buildActionMask = 2147483647;
			files = (
			);
			runOnlyForDeploymentPostprocessing = 0;
		};
/* End PBXFrameworksBuildPhase section */

/* Begin PBXGroup section */
		B5E0F2F12519BDE100E0D511 = {
			isa = PBXGroup;
			children = (
				B5E0F2FC2519BDE100E0D511 /* Chart_Multipler */,
				B5E0F3132519BDE200E0D511 /* Chart_MultiplerTests */,
				B5E0F31E2519BDE200E0D511 /* Chart_MultiplerUITests */,
				B5E0F2FB2519BDE100E0D511 /* Products */,
			);
			sourceTree = "<group>";
		};
		B5E0F2FB2519BDE100E0D511 /* Products */ = {
			isa = PBXGroup;
			children = (
				B5E0F2FA2519BDE100E0D511 /* Chart_Multipler.app */,
				B5E0F3102519BDE200E0D511 /* Chart_MultiplerTests.xctest */,
				B5E0F31B2519BDE200E0D511 /* Chart_MultiplerUITests.xctest */,
			);
			name = Products;
			sourceTree = "<group>";
		};
		B5E0F2FC2519BDE100E0D511 /* Chart_Multipler */ = {
			isa = PBXGroup;
			children = (
				B5E0F2FD2519BDE100E0D511 /* AppDelegate.swift */,
				B5E0F2FF2519BDE100E0D511 /* SceneDelegate.swift */,
				B5E0F3012519BDE100E0D511 /* ViewController.swift */,
				B5E0F3032519BDE100E0D511 /* Main.storyboard */,
				B5E0F3062519BDE200E0D511 /* Assets.xcassets */,
				B5E0F3082519BDE200E0D511 /* LaunchScreen.storyboard */,
				B5E0F30B2519BDE200E0D511 /* Info.plist */,
			);
			path = Chart_Multipler;
			sourceTree = "<group>";
		};
		B5E0F3132519BDE200E0D511 /* Chart_MultiplerTests */ = {
			isa = PBXGroup;
			children = (
				B5E0F3142519BDE200E0D511 /* Chart_MultiplerTests.swift */,
				B5E0F3162519BDE200E0D511 /* Info.plist */,
			);
			path = Chart_MultiplerTests;
			sourceTree = "<group>";
		};
		B5E0F31E2519BDE200E0D511 /* Chart_MultiplerUITests */ = {
			isa = PBXGroup;
			children = (
				B5E0F31F2519BDE200E0D511 /* Chart_MultiplerUITests.swift */,
				B5E0F3212519BDE200E0D511 /* Info.plist */,
			);
			path = Chart_MultiplerUITests;
			sourceTree = "<group>";
		};
/* End PBXGroup section */

/* Begin PBXNativeTarget section */
		B5E0F2F92519BDE100E0D511 /* Chart_Multipler */ = {
			isa = PBXNativeTarget;
			buildConfigurationList = B5E0F3242519BDE200E0D511 /* Build configuration list for PBXNativeTarget "Chart_Multipler" */;
			buildPhases = (
				B5E0F2F62519BDE100E0D511 /* Sources */,
				B5E0F2F72519BDE100E0D511 /* Frameworks */,
				B5E0F2F82519BDE100E0D511 /* Resources */,
			);
			buildRules = (
			);
			dependencies = (
			);
			name = Chart_Multipler;
			productName = Chart_Multipler;
			productReference = B5E0F2FA2519BDE100E0D511 /* Chart_Multipler.app */;
			productType = "com.apple.product-type.application";
		};
		B5E0F30F2519BDE200E0D511 /* Chart_MultiplerTests */ = {
			isa = PBXNativeTarget;
			buildConfigurationList = B5E0F3272519BDE200E0D511 /* Build configuration list for PBXNativeTarget "Chart_MultiplerTests" */;
			buildPhases = (
				B5E0F30C2519BDE200E0D511 /* Sources */,
				B5E0F30D2519BDE200E0D511 /* Frameworks */,
				B5E0F30E2519BDE200E0D511 /* Resources */,
			);
			buildRules = (
			);
			dependencies = (
				B5E0F3122519BDE200E0D511 /* PBXTargetDependency */,
			);
			name = Chart_MultiplerTests;
			productName = Chart_MultiplerTests;
			productReference = B5E0F3102519BDE200E0D511 /* Chart_MultiplerTests.xctest */;
			productType = "com.apple.product-type.bundle.unit-test";
		};
		B5E0F31A2519BDE200E0D511 /* Chart_MultiplerUITests */ = {
			isa = PBXNativeTarget;
			buildConfigurationList = B5E0F32A2519BDE200E0D511 /* Build configuration list for PBXNativeTarget "Chart_MultiplerUITests" */;
			buildPhases = (
				B5E0F3172519BDE200E0D511 /* Sources */,
				B5E0F3182519BDE200E0D511 /* Frameworks */,
				B5E0F3192519BDE200E0D511 /* Resources */,
			);
			buildRules = (
			);
			dependencies = (
				B5E0F31D2519BDE200E0D511 /* PBXTargetDependency */,
			);
			name = Chart_MultiplerUITests;
			productName = Chart_MultiplerUITests;
			productReference = B5E0F31B2519BDE200E0D511 /* Chart_MultiplerUITests.xctest */;
			productType = "com.apple.product-type.bundle.ui-testing";
		};
/* End PBXNativeTarget section */

/* Begin PBXProject section */
		B5E0F2F22519BDE100E0D511 /* Project object */ = {
			isa = PBXProject;
			attributes = {
				LastSwiftUpdateCheck = 1200;
				LastUpgradeCheck = 1200;
				TargetAttributes = {
					B5E0F2F92519BDE100E0D511 = {
						CreatedOnToolsVersion = 12.0;
					};
					B5E0F30F2519BDE200E0D511 = {
						CreatedOnToolsVersion = 12.0;
						TestTargetID = B5E0F2F92519BDE100E0D511;
					};
					B5E0F31A2519BDE200E0D511 = {
						CreatedOnToolsVersion = 12.0;
						TestTargetID = B5E0F2F92519BDE100E0D511;
					};
				};
			};
			buildConfigurationList = B5E0F2F52519BDE100E0D511 /* Build configuration list for PBXProject "Chart_Multipler" */;
			compatibilityVersion = "Xcode 9.3";
			developmentRegion = en;
			hasScannedForEncodings = 0;
			knownRegions = (
				en,
				Base,
			);
			mainGroup = B5E0F2F12519BDE100E0D511;
			productRefGroup = B5E0F2FB2519BDE100E0D511 /* Products */;
			projectDirPath = "";
			projectRoot = "";
			targets = (
				B5E0F2F92519BDE100E0D511 /* Chart_Multipler */,
				B5E0F30F2519BDE200E0D511 /* Chart_MultiplerTests */,
				B5E0F31A2519BDE200E0D511 /* Chart_MultiplerUITests */,
			);
		};
/* End PBXProject section */

/* Begin PBXResourcesBuildPhase section */
		B5E0F2F82519BDE100E0D511 /* Resources */ = {
			isa = PBXResourcesBuildPhase;
			buildActionMask = 2147483647;
			files = (
				B5E0F30A2519BDE200E0D511 /* LaunchScreen.storyboard in Resources */,
				B5E0F3072519BDE200E0D511 /* Assets.xcassets in Resources */,
				B5E0F3052519BDE100E0D511 /* Main.storyboard in Resources */,
			);
			runOnlyForDeploymentPostprocessing = 0;
		};
		B5E0F30E2519BDE200E0D511 /* Resources */ = {
			isa = PBXResourcesBuildPhase;
			buildActionMask = 2147483647;
			files = (
			);
			runOnlyForDeploymentPostprocessing = 0;
		};
		B5E0F3192519BDE200E0D511 /* Resources */ = {
			isa = PBXResourcesBuildPhase;
			buildActionMask = 2147483647;
			files = (
			);
			runOnlyForDeploymentPostprocessing = 0;
		};
/* End PBXResourcesBuildPhase section */

/* Begin PBXSourcesBuildPhase section */
		B5E0F2F62519BDE100E0D511 /* Sources */ = {
			isa = PBXSourcesBuildPhase;
			buildActionMask = 2147483647;
			files = (
				B5E0F3022519BDE100E0D511 /* ViewController.swift in Sources */,
				B5E0F2FE2519BDE100E0D511 /* AppDelegate.swift in Sources */,
				B5E0F3002519BDE100E0D511 /* SceneDelegate.swift in Sources */,
			);
			runOnlyForDeploymentPostprocessing = 0;
		};
		B5E0F30C2519BDE200E0D511 /* Sources */ = {
			isa = PBXSourcesBuildPhase;
			buildActionMask = 2147483647;
			files = (
				B5E0F3152519BDE200E0D511 /* Chart_MultiplerTests.swift in Sources */,
			);
			runOnlyForDeploymentPostprocessing = 0;
		};
		B5E0F3172519BDE200E0D511 /* Sources */ = {
			isa = PBXSourcesBuildPhase;
			buildActionMask = 2147483647;
			files = (
				B5E0F3202519BDE200E0D511 /* Chart_MultiplerUITests.swift in Sources */,
			);
			runOnlyForDeploymentPostprocessing = 0;
		};
/* End PBXSourcesBuildPhase section */

/* Begin PBXTargetDependency section */
		B5E0F3122519BDE200E0D511 /* PBXTargetDependency */ = {
			isa = PBXTargetDependency;
			target = B5E0F2F92519BDE100E0D511 /* Chart_Multipler */;
			targetProxy = B5E0F3112519BDE200E0D511 /* PBXContainerItemProxy */;
		};
		B5E0F31D2519BDE200E0D511 /* PBXTargetDependency */ = {
			isa = PBXTargetDependency;
			target = B5E0F2F92519BDE100E0D511 /* Chart_Multipler */;
			targetProxy = B5E0F31C2519BDE200E0D511 /* PBXContainerItemProxy */;
		};
/* End PBXTargetDependency section */

/* Begin PBXVariantGroup section */
		B5E0F3032519BDE100E0D511 /* Main.storyboard */ = {
			isa = PBXVariantGroup;
			children = (
				B5E0F3042519BDE100E0D511 /* Base */,
			);
			name = Main.storyboard;
			sourceTree = "<group>";
		};
		B5E0F3082519BDE200E0D511 /* LaunchScreen.storyboard */ = {
			isa = PBXVariantGroup;
			children = (
				B5E0F3092519BDE200E0D511 /* Base */,
			);
			name = LaunchScreen.storyboard;
			sourceTree = "<group>";
		};
/* End PBXVariantGroup section */

/* Begin XCBuildConfiguration section */
		B5E0F3222519BDE200E0D511 /* Debug */ = {
			isa = XCBuildConfiguration;
			buildSettings = {
				ALWAYS_SEARCH_USER_PATHS = NO;
				CLANG_ANALYZER_NONNULL = YES;
				CLANG_ANALYZER_NUMBER_OBJECT_CONVERSION = YES_AGGRESSIVE;
				CLANG_CXX_LANGUAGE_STANDARD = "gnu++14";
				CLANG_CXX_LIBRARY = "libc++";
				CLANG_ENABLE_MODULES = YES;
				CLANG_ENABLE_OBJC_ARC = YES;
				CLANG_ENABLE_OBJC_WEAK = YES;
				CLANG_WARN_BLOCK_CAPTURE_AUTORELEASING = YES;
				CLANG_WARN_BOOL_CONVERSION = YES;
				CLANG_WARN_COMMA = YES;
				CLANG_WARN_CONSTANT_CONVERSION = YES;
				CLANG_WARN_DEPRECATED_OBJC_IMPLEMENTATIONS = YES;
				CLANG_WARN_DIRECT_OBJC_ISA_USAGE = YES_ERROR;
				CLANG_WARN_DOCUMENTATION_COMMENTS = YES;
				CLANG_WARN_EMPTY_BODY = YES;
				CLANG_WARN_ENUM_CONVERSION = YES;
				CLANG_WARN_INFINITE_RECURSION = YES;
				CLANG_WARN_INT_CONVERSION = YES;
				CLANG_WARN_NON_LITERAL_NULL_CONVERSION = YES;
				CLANG_WARN_OBJC_IMPLICIT_RETAIN_SELF = YES;
				CLANG_WARN_OBJC_LITERAL_CONVERSION = YES;
				CLANG_WARN_OBJC_ROOT_CLASS = YES_ERROR;
				CLANG_WARN_QUOTED_INCLUDE_IN_FRAMEWORK_HEADER = YES;
				CLANG_WARN_RANGE_LOOP_ANALYSIS = YES;
				CLANG_WARN_STRICT_PROTOTYPES = YES;
				CLANG_WARN_SUSPICIOUS_MOVE = YES;
				CLANG_WARN_UNGUARDED_AVAILABILITY = YES_AGGRESSIVE;
				CLANG_WARN_UNREACHABLE_CODE = YES;
				CLANG_WARN__DUPLICATE_METHOD_MATCH = YES;
				COPY_PHASE_STRIP = NO;
				DEBUG_INFORMATION_FORMAT = dwarf;
				ENABLE_STRICT_OBJC_MSGSEND = YES;
				ENABLE_TESTABILITY = YES;
				GCC_C_LANGUAGE_STANDARD = gnu11;
				GCC_DYNAMIC_NO_PIC = NO;
				GCC_NO_COMMON_BLOCKS = YES;
				GCC_OPTIMIZATION_LEVEL = 0;
				GCC_PREPROCESSOR_DEFINITIONS = (
					"DEBUG=1",
					"$(inherited)",
				);
				GCC_WARN_64_TO_32_BIT_CONVERSION = YES;
				GCC_WARN_ABOUT_RETURN_TYPE = YES_ERROR;
				GCC_WARN_UNDECLARED_SELECTOR = YES;
				GCC_WARN_UNINITIALIZED_AUTOS = YES_AGGRESSIVE;
				GCC_WARN_UNUSED_FUNCTION = YES;
				GCC_WARN_UNUSED_VARIABLE = YES;
				IPHONEOS_DEPLOYMENT_TARGET = 14.0;
				MTL_ENABLE_DEBUG_INFO = INCLUDE_SOURCE;
				MTL_FAST_MATH = YES;
				ONLY_ACTIVE_ARCH = YES;
				SDKROOT = iphoneos;
				SWIFT_ACTIVE_COMPILATION_CONDITIONS = DEBUG;
				SWIFT_OPTIMIZATION_LEVEL = "-Onone";
			};
			name = Debug;
		};
		B5E0F3232519BDE200E0D511 /* Release */ = {
			isa = XCBuildConfiguration;
			buildSettings = {
				ALWAYS_SEARCH_USER_PATHS = NO;
				CLANG_ANALYZER_NONNULL = YES;
				CLANG_ANALYZER_NUMBER_OBJECT_CONVERSION = YES_AGGRESSIVE;
				CLANG_CXX_LANGUAGE_STANDARD = "gnu++14";
				CLANG_CXX_LIBRARY = "libc++";
				CLANG_ENABLE_MODULES = YES;
				CLANG_ENABLE_OBJC_ARC = YES;
				CLANG_ENABLE_OBJC_WEAK = YES;
				CLANG_WARN_BLOCK_CAPTURE_AUTORELEASING = YES;
				CLANG_WARN_BOOL_CONVERSION = YES;
				CLANG_WARN_COMMA = YES;
				CLANG_WARN_CONSTANT_CONVERSION = YES;
				CLANG_WARN_DEPRECATED_OBJC_IMPLEMENTATIONS = YES;
				CLANG_WARN_DIRECT_OBJC_ISA_USAGE = YES_ERROR;
				CLANG_WARN_DOCUMENTATION_COMMENTS = YES;
				CLANG_WARN_EMPTY_BODY = YES;
				CLANG_WARN_ENUM_CONVERSION = YES;
				CLANG_WARN_INFINITE_RECURSION = YES;
				CLANG_WARN_INT_CONVERSION = YES;
				CLANG_WARN_NON_LITERAL_NULL_CONVERSION = YES;
				CLANG_WARN_OBJC_IMPLICIT_RETAIN_SELF = YES;
				CLANG_WARN_OBJC_LITERAL_CONVERSION = YES;
				CLANG_WARN_OBJC_ROOT_CLASS = YES_ERROR;
				CLANG_WARN_QUOTED_INCLUDE_IN_FRAMEWORK_HEADER = YES;
				CLANG_WARN_RANGE_LOOP_ANALYSIS = YES;
				CLANG_WARN_STRICT_PROTOTYPES = YES;
				CLANG_WARN_SUSPICIOUS_MOVE = YES;
				CLANG_WARN_UNGUARDED_AVAILABILITY = YES_AGGRESSIVE;
				CLANG_WARN_UNREACHABLE_CODE = YES;
				CLANG_WARN__DUPLICATE_METHOD_MATCH = YES;
				COPY_PHASE_STRIP = NO;
				DEBUG_INFORMATION_FORMAT = "dwarf-with-dsym";
				ENABLE_NS_ASSERTIONS = NO;
				ENABLE_STRICT_OBJC_MSGSEND = YES;
				GCC_C_LANGUAGE_STANDARD = gnu11;
				GCC_NO_COMMON_BLOCKS = YES;
				GCC_WARN_64_TO_32_BIT_CONVERSION = YES;
				GCC_WARN_ABOUT_RETURN_TYPE = YES_ERROR;
				GCC_WARN_UNDECLARED_SELECTOR = YES;
				GCC_WARN_UNINITIALIZED_AUTOS = YES_AGGRESSIVE;
				GCC_WARN_UNUSED_FUNCTION = YES;
				GCC_WARN_UNUSED_VARIABLE = YES;
				IPHONEOS_DEPLOYMENT_TARGET = 14.0;
				MTL_ENABLE_DEBUG_INFO = NO;
				MTL_FAST_MATH = YES;
				SDKROOT = iphoneos;
				SWIFT_COMPILATION_MODE = wholemodule;
				SWIFT_OPTIMIZATION_LEVEL = "-O";
				VALIDATE_PRODUCT = YES;
			};
			name = Release;
		};
		B5E0F3252519BDE200E0D511 /* Debug */ = {
			isa = XCBuildConfiguration;
			buildSettings = {
				ASSETCATALOG_COMPILER_APPICON_NAME = AppIcon;
				ASSETCATALOG_COMPILER_GLOBAL_ACCENT_COLOR_NAME = AccentColor;
				CODE_SIGN_STYLE = Automatic;
				DEVELOPMENT_TEAM = NSCRL9SYQK;
				INFOPLIST_FILE = Chart_Multipler/Info.plist;
				LD_RUNPATH_SEARCH_PATHS = (
					"$(inherited)",
					"@executable_path/Frameworks",
				);
				PRODUCT_BUNDLE_IDENTIFIER = "com.sbk.Chart-Multipler";
				PRODUCT_NAME = "$(TARGET_NAME)";
				SWIFT_VERSION = 5.0;
				TARGETED_DEVICE_FAMILY = "1,2";
			};
			name = Debug;
		};
		B5E0F3262519BDE200E0D511 /* Release */ = {
			isa = XCBuildConfiguration;
			buildSettings = {
				ASSETCATALOG_COMPILER_APPICON_NAME = AppIcon;
				ASSETCATALOG_COMPILER_GLOBAL_ACCENT_COLOR_NAME = AccentColor;
				CODE_SIGN_STYLE = Automatic;
				DEVELOPMENT_TEAM = NSCRL9SYQK;
				INFOPLIST_FILE = Chart_Multipler/Info.plist;
				LD_RUNPATH_SEARCH_PATHS = (
					"$(inherited)",
					"@executable_path/Frameworks",
				);
				PRODUCT_BUNDLE_IDENTIFIER = "com.sbk.Chart-Multipler";
				PRODUCT_NAME = "$(TARGET_NAME)";
				SWIFT_VERSION = 5.0;
				TARGETED_DEVICE_FAMILY = "1,2";
			};
			name = Release;
		};
		B5E0F3282519BDE200E0D511 /* Debug */ = {
			isa = XCBuildConfiguration;
			buildSettings = {
				ALWAYS_EMBED_SWIFT_STANDARD_LIBRARIES = YES;
				BUNDLE_LOADER = "$(TEST_HOST)";
				CODE_SIGN_STYLE = Automatic;
				DEVELOPMENT_TEAM = NSCRL9SYQK;
				INFOPLIST_FILE = Chart_MultiplerTests/Info.plist;
				IPHONEOS_DEPLOYMENT_TARGET = 14.0;
				LD_RUNPATH_SEARCH_PATHS = (
					"$(inherited)",
					"@executable_path/Frameworks",
					"@loader_path/Frameworks",
				);
				PRODUCT_BUNDLE_IDENTIFIER = "com.sbk.Chart-MultiplerTests";
				PRODUCT_NAME = "$(TARGET_NAME)";
				SWIFT_VERSION = 5.0;
				TARGETED_DEVICE_FAMILY = "1,2";
				TEST_HOST = "$(BUILT_PRODUCTS_DIR)/Chart_Multipler.app/Chart_Multipler";
			};
			name = Debug;
		};
		B5E0F3292519BDE200E0D511 /* Release */ = {
			isa = XCBuildConfiguration;
			buildSettings = {
				ALWAYS_EMBED_SWIFT_STANDARD_LIBRARIES = YES;
				BUNDLE_LOADER = "$(TEST_HOST)";
				CODE_SIGN_STYLE = Automatic;
				DEVELOPMENT_TEAM = NSCRL9SYQK;
				INFOPLIST_FILE = Chart_MultiplerTests/Info.plist;
				IPHONEOS_DEPLOYMENT_TARGET = 14.0;
				LD_RUNPATH_SEARCH_PATHS = (
					"$(inherited)",
					"@executable_path/Frameworks",
					"@loader_path/Frameworks",
				);
				PRODUCT_BUNDLE_IDENTIFIER = "com.sbk.Chart-MultiplerTests";
				PRODUCT_NAME = "$(TARGET_NAME)";
				SWIFT_VERSION = 5.0;
				TARGETED_DEVICE_FAMILY = "1,2";
				TEST_HOST = "$(BUILT_PRODUCTS_DIR)/Chart_Multipler.app/Chart_Multipler";
			};
			name = Release;
		};
		B5E0F32B2519BDE200E0D511 /* Debug */ = {
			isa = XCBuildConfiguration;
			buildSettings = {
				ALWAYS_EMBED_SWIFT_STANDARD_LIBRARIES = YES;
				CODE_SIGN_STYLE = Automatic;
				DEVELOPMENT_TEAM = NSCRL9SYQK;
				INFOPLIST_FILE = Chart_MultiplerUITests/Info.plist;
				LD_RUNPATH_SEARCH_PATHS = (
					"$(inherited)",
					"@executable_path/Frameworks",
					"@loader_path/Frameworks",
				);
				PRODUCT_BUNDLE_IDENTIFIER = "com.sbk.Chart-MultiplerUITests";
				PRODUCT_NAME = "$(TARGET_NAME)";
				SWIFT_VERSION = 5.0;
				TARGETED_DEVICE_FAMILY = "1,2";
				TEST_TARGET_NAME = Chart_Multipler;
			};
			name = Debug;
		};
		B5E0F32C2519BDE200E0D511 /* Release */ = {
			isa = XCBuildConfiguration;
			buildSettings = {
				ALWAYS_EMBED_SWIFT_STANDARD_LIBRARIES = YES;
				CODE_SIGN_STYLE = Automatic;
				DEVELOPMENT_TEAM = NSCRL9SYQK;
				INFOPLIST_FILE = Chart_MultiplerUITests/Info.plist;
				LD_RUNPATH_SEARCH_PATHS = (
					"$(inherited)",
					"@executable_path/Frameworks",
					"@loader_path/Frameworks",
				);
				PRODUCT_BUNDLE_IDENTIFIER = "com.sbk.Chart-MultiplerUITests";
				PRODUCT_NAME = "$(TARGET_NAME)";
				SWIFT_VERSION = 5.0;
				TARGETED_DEVICE_FAMILY = "1,2";
				TEST_TARGET_NAME = Chart_Multipler;
			};
			name = Release;
		};
/* End XCBuildConfiguration section */

/* Begin XCConfigurationList section */
		B5E0F2F52519BDE100E0D511 /* Build configuration list for PBXProject "Chart_Multipler" */ = {
			isa = XCConfigurationList;
			buildConfigurations = (
				B5E0F3222519BDE200E0D511 /* Debug */,
				B5E0F3232519BDE200E0D511 /* Release */,
			);
			defaultConfigurationIsVisible = 0;
			defaultConfigurationName = Release;
		};
		B5E0F3242519BDE200E0D511 /* Build configuration list for PBXNativeTarget "Chart_Multipler" */ = {
			isa = XCConfigurationList;
			buildConfigurations = (
				B5E0F3252519BDE200E0D511 /* Debug */,
				B5E0F3262519BDE200E0D511 /* Release */,
			);
			defaultConfigurationIsVisible = 0;
			defaultConfigurationName = Release;
		};
		B5E0F3272519BDE200E0D511 /* Build configuration list for PBXNativeTarget "Chart_MultiplerTests" */ = {
			isa = XCConfigurationList;
			buildConfigurations = (
				B5E0F3282519BDE200E0D511 /* Debug */,
				B5E0F3292519BDE200E0D511 /* Release */,
			);
			defaultConfigurationIsVisible = 0;
			defaultConfigurationName = Release;
		};
		B5E0F32A2519BDE200E0D511 /* Build configuration list for PBXNativeTarget "Chart_MultiplerUITests" */ = {
			isa = XCConfigurationList;
			buildConfigurations = (
				B5E0F32B2519BDE200E0D511 /* Debug */,
				B5E0F32C2519BDE200E0D511 /* Release */,
			);
			defaultConfigurationIsVisible = 0;
			defaultConfigurationName = Release;
		};
/* End XCConfigurationList section */
	};
	rootObject = B5E0F2F22519BDE100E0D511 /* Project object */;
}
