// !$*UTF8*$!
{
	archiveVersion = 1;
	classes = {
	};
	objectVersion = 50;
	objects = {

/* Begin PBXBuildFile section */
		B50F3F2C2518B0ED008701BB /* AppDelegate.swift in Sources */ = {isa = PBXBuildFile; fileRef = B50F3F2B2518B0ED008701BB /* AppDelegate.swift */; };
		B50F3F2E2518B0ED008701BB /* SceneDelegate.swift in Sources */ = {isa = PBXBuildFile; fileRef = B50F3F2D2518B0ED008701BB /* SceneDelegate.swift */; };
		B50F3F302518B0ED008701BB /* ViewController.swift in Sources */ = {isa = PBXBuildFile; fileRef = B50F3F2F2518B0ED008701BB /* ViewController.swift */; };
		B50F3F332518B0ED008701BB /* Main.storyboard in Resources */ = {isa = PBXBuildFile; fileRef = B50F3F312518B0ED008701BB /* Main.storyboard */; };
		B50F3F352518B0ED008701BB /* Assets.xcassets in Resources */ = {isa = PBXBuildFile; fileRef = B50F3F342518B0ED008701BB /* Assets.xcassets */; };
		B50F3F382518B0ED008701BB /* LaunchScreen.storyboard in Resources */ = {isa = PBXBuildFile; fileRef = B50F3F362518B0ED008701BB /* LaunchScreen.storyboard */; };
		B50F3F432518B0EE008701BB /* Cert_ExamTests.swift in Sources */ = {isa = PBXBuildFile; fileRef = B50F3F422518B0EE008701BB /* Cert_ExamTests.swift */; };
		B50F3F4E2518B0EE008701BB /* Cert_ExamUITests.swift in Sources */ = {isa = PBXBuildFile; fileRef = B50F3F4D2518B0EE008701BB /* Cert_ExamUITests.swift */; };
		B50F3F602518B117008701BB /* Cert_Sample.PNG in Resources */ = {isa = PBXBuildFile; fileRef = B50F3F5E2518B117008701BB /* Cert_Sample.PNG */; };
		B50F3F612518B117008701BB /* Cert_BG.PNG in Resources */ = {isa = PBXBuildFile; fileRef = B50F3F5F2518B117008701BB /* Cert_BG.PNG */; };
/* End PBXBuildFile section */

/* Begin PBXContainerItemProxy section */
		B50F3F3F2518B0EE008701BB /* PBXContainerItemProxy */ = {
			isa = PBXContainerItemProxy;
			containerPortal = B50F3F202518B0ED008701BB /* Project object */;
			proxyType = 1;
			remoteGlobalIDString = B50F3F272518B0ED008701BB;
			remoteInfo = Cert_Exam;
		};
		B50F3F4A2518B0EE008701BB /* PBXContainerItemProxy */ = {
			isa = PBXContainerItemProxy;
			containerPortal = B50F3F202518B0ED008701BB /* Project object */;
			proxyType = 1;
			remoteGlobalIDString = B50F3F272518B0ED008701BB;
			remoteInfo = Cert_Exam;
		};
/* End PBXContainerItemProxy section */

/* Begin PBXFileReference section */
		B50F3F282518B0ED008701BB /* Cert_Exam.app */ = {isa = PBXFileReference; explicitFileType = wrapper.application; includeInIndex = 0; path = Cert_Exam.app; sourceTree = BUILT_PRODUCTS_DIR; };
		B50F3F2B2518B0ED008701BB /* AppDelegate.swift */ = {isa = PBXFileReference; lastKnownFileType = sourcecode.swift; path = AppDelegate.swift; sourceTree = "<group>"; };
		B50F3F2D2518B0ED008701BB /* SceneDelegate.swift */ = {isa = PBXFileReference; lastKnownFileType = sourcecode.swift; path = SceneDelegate.swift; sourceTree = "<group>"; };
		B50F3F2F2518B0ED008701BB /* ViewController.swift */ = {isa = PBXFileReference; lastKnownFileType = sourcecode.swift; path = ViewController.swift; sourceTree = "<group>"; };
		B50F3F322518B0ED008701BB /* Base */ = {isa = PBXFileReference; lastKnownFileType = file.storyboard; name = Base; path = Base.lproj/Main.storyboard; sourceTree = "<group>"; };
		B50F3F342518B0ED008701BB /* Assets.xcassets */ = {isa = PBXFileReference; lastKnownFileType = folder.assetcatalog; path = Assets.xcassets; sourceTree = "<group>"; };
		B50F3F372518B0ED008701BB /* Base */ = {isa = PBXFileReference; lastKnownFileType = file.storyboard; name = Base; path = Base.lproj/LaunchScreen.storyboard; sourceTree = "<group>"; };
		B50F3F392518B0ED008701BB /* Info.plist */ = {isa = PBXFileReference; lastKnownFileType = text.plist.xml; path = Info.plist; sourceTree = "<group>"; };
		B50F3F3E2518B0EE008701BB /* Cert_ExamTests.xctest */ = {isa = PBXFileReference; explicitFileType = wrapper.cfbundle; includeInIndex = 0; path = Cert_ExamTests.xctest; sourceTree = BUILT_PRODUCTS_DIR; };
		B50F3F422518B0EE008701BB /* Cert_ExamTests.swift */ = {isa = PBXFileReference; lastKnownFileType = sourcecode.swift; path = Cert_ExamTests.swift; sourceTree = "<group>"; };
		B50F3F442518B0EE008701BB /* Info.plist */ = {isa = PBXFileReference; lastKnownFileType = text.plist.xml; path = Info.plist; sourceTree = "<group>"; };
		B50F3F492518B0EE008701BB /* Cert_ExamUITests.xctest */ = {isa = PBXFileReference; explicitFileType = wrapper.cfbundle; includeInIndex = 0; path = Cert_ExamUITests.xctest; sourceTree = BUILT_PRODUCTS_DIR; };
		B50F3F4D2518B0EE008701BB /* Cert_ExamUITests.swift */ = {isa = PBXFileReference; lastKnownFileType = sourcecode.swift; path = Cert_ExamUITests.swift; sourceTree = "<group>"; };
		B50F3F4F2518B0EE008701BB /* Info.plist */ = {isa = PBXFileReference; lastKnownFileType = text.plist.xml; path = Info.plist; sourceTree = "<group>"; };
		B50F3F5E2518B117008701BB /* Cert_Sample.PNG */ = {isa = PBXFileReference; lastKnownFileType = image.png; path = Cert_Sample.PNG; sourceTree = "<group>"; };
		B50F3F5F2518B117008701BB /* Cert_BG.PNG */ = {isa = PBXFileReference; lastKnownFileType = image.png; path = Cert_BG.PNG; sourceTree = "<group>"; };
/* End PBXFileReference section */

/* Begin PBXFrameworksBuildPhase section */
		B50F3F252518B0ED008701BB /* Frameworks */ = {
			isa = PBXFrameworksBuildPhase;
			buildActionMask = 2147483647;
			files = (
			);
			runOnlyForDeploymentPostprocessing = 0;
		};
		B50F3F3B2518B0EE008701BB /* Frameworks */ = {
			isa = PBXFrameworksBuildPhase;
			buildActionMask = 2147483647;
			files = (
			);
			runOnlyForDeploymentPostprocessing = 0;
		};
		B50F3F462518B0EE008701BB /* Frameworks */ = {
			isa = PBXFrameworksBuildPhase;
			buildActionMask = 2147483647;
			files = (
			);
			runOnlyForDeploymentPostprocessing = 0;
		};
/* End PBXFrameworksBuildPhase section */

/* Begin PBXGroup section */
		B50F3F1F2518B0ED008701BB = {
			isa = PBXGroup;
			children = (
				B50F3F2A2518B0ED008701BB /* Cert_Exam */,
				B50F3F412518B0EE008701BB /* Cert_ExamTests */,
				B50F3F4C2518B0EE008701BB /* Cert_ExamUITests */,
				B50F3F292518B0ED008701BB /* Products */,
			);
			sourceTree = "<group>";
		};
		B50F3F292518B0ED008701BB /* Products */ = {
			isa = PBXGroup;
			children = (
				B50F3F282518B0ED008701BB /* Cert_Exam.app */,
				B50F3F3E2518B0EE008701BB /* Cert_ExamTests.xctest */,
				B50F3F492518B0EE008701BB /* Cert_ExamUITests.xctest */,
			);
			name = Products;
			sourceTree = "<group>";
		};
		B50F3F2A2518B0ED008701BB /* Cert_Exam */ = {
			isa = PBXGroup;
			children = (
				B50F3F2B2518B0ED008701BB /* AppDelegate.swift */,
				B50F3F2D2518B0ED008701BB /* SceneDelegate.swift */,
				B50F3F2F2518B0ED008701BB /* ViewController.swift */,
				B50F3F312518B0ED008701BB /* Main.storyboard */,
				B50F3F342518B0ED008701BB /* Assets.xcassets */,
				B50F3F362518B0ED008701BB /* LaunchScreen.storyboard */,
				B50F3F392518B0ED008701BB /* Info.plist */,
				B50F3F5F2518B117008701BB /* Cert_BG.PNG */,
				B50F3F5E2518B117008701BB /* Cert_Sample.PNG */,
			);
			path = Cert_Exam;
			sourceTree = "<group>";
		};
		B50F3F412518B0EE008701BB /* Cert_ExamTests */ = {
			isa = PBXGroup;
			children = (
				B50F3F422518B0EE008701BB /* Cert_ExamTests.swift */,
				B50F3F442518B0EE008701BB /* Info.plist */,
			);
			path = Cert_ExamTests;
			sourceTree = "<group>";
		};
		B50F3F4C2518B0EE008701BB /* Cert_ExamUITests */ = {
			isa = PBXGroup;
			children = (
				B50F3F4D2518B0EE008701BB /* Cert_ExamUITests.swift */,
				B50F3F4F2518B0EE008701BB /* Info.plist */,
			);
			path = Cert_ExamUITests;
			sourceTree = "<group>";
		};
/* End PBXGroup section */

/* Begin PBXNativeTarget section */
		B50F3F272518B0ED008701BB /* Cert_Exam */ = {
			isa = PBXNativeTarget;
			buildConfigurationList = B50F3F522518B0EE008701BB /* Build configuration list for PBXNativeTarget "Cert_Exam" */;
			buildPhases = (
				B50F3F242518B0ED008701BB /* Sources */,
				B50F3F252518B0ED008701BB /* Frameworks */,
				B50F3F262518B0ED008701BB /* Resources */,
			);
			buildRules = (
			);
			dependencies = (
			);
			name = Cert_Exam;
			productName = Cert_Exam;
			productReference = B50F3F282518B0ED008701BB /* Cert_Exam.app */;
			productType = "com.apple.product-type.application";
		};
		B50F3F3D2518B0EE008701BB /* Cert_ExamTests */ = {
			isa = PBXNativeTarget;
			buildConfigurationList = B50F3F552518B0EE008701BB /* Build configuration list for PBXNativeTarget "Cert_ExamTests" */;
			buildPhases = (
				B50F3F3A2518B0EE008701BB /* Sources */,
				B50F3F3B2518B0EE008701BB /* Frameworks */,
				B50F3F3C2518B0EE008701BB /* Resources */,
			);
			buildRules = (
			);
			dependencies = (
				B50F3F402518B0EE008701BB /* PBXTargetDependency */,
			);
			name = Cert_ExamTests;
			productName = Cert_ExamTests;
			productReference = B50F3F3E2518B0EE008701BB /* Cert_ExamTests.xctest */;
			productType = "com.apple.product-type.bundle.unit-test";
		};
		B50F3F482518B0EE008701BB /* Cert_ExamUITests */ = {
			isa = PBXNativeTarget;
			buildConfigurationList = B50F3F582518B0EE008701BB /* Build configuration list for PBXNativeTarget "Cert_ExamUITests" */;
			buildPhases = (
				B50F3F452518B0EE008701BB /* Sources */,
				B50F3F462518B0EE008701BB /* Frameworks */,
				B50F3F472518B0EE008701BB /* Resources */,
			);
			buildRules = (
			);
			dependencies = (
				B50F3F4B2518B0EE008701BB /* PBXTargetDependency */,
			);
			name = Cert_ExamUITests;
			productName = Cert_ExamUITests;
			productReference = B50F3F492518B0EE008701BB /* Cert_ExamUITests.xctest */;
			productType = "com.apple.product-type.bundle.ui-testing";
		};
/* End PBXNativeTarget section */

/* Begin PBXProject section */
		B50F3F202518B0ED008701BB /* Project object */ = {
			isa = PBXProject;
			attributes = {
				LastSwiftUpdateCheck = 1200;
				LastUpgradeCheck = 1200;
				TargetAttributes = {
					B50F3F272518B0ED008701BB = {
						CreatedOnToolsVersion = 12.0;
					};
					B50F3F3D2518B0EE008701BB = {
						CreatedOnToolsVersion = 12.0;
						TestTargetID = B50F3F272518B0ED008701BB;
					};
					B50F3F482518B0EE008701BB = {
						CreatedOnToolsVersion = 12.0;
						TestTargetID = B50F3F272518B0ED008701BB;
					};
				};
			};
			buildConfigurationList = B50F3F232518B0ED008701BB /* Build configuration list for PBXProject "Cert_Exam" */;
			compatibilityVersion = "Xcode 9.3";
			developmentRegion = en;
			hasScannedForEncodings = 0;
			knownRegions = (
				en,
				Base,
			);
			mainGroup = B50F3F1F2518B0ED008701BB;
			productRefGroup = B50F3F292518B0ED008701BB /* Products */;
			projectDirPath = "";
			projectRoot = "";
			targets = (
				B50F3F272518B0ED008701BB /* Cert_Exam */,
				B50F3F3D2518B0EE008701BB /* Cert_ExamTests */,
				B50F3F482518B0EE008701BB /* Cert_ExamUITests */,
			);
		};
/* End PBXProject section */

/* Begin PBXResourcesBuildPhase section */
		B50F3F262518B0ED008701BB /* Resources */ = {
			isa = PBXResourcesBuildPhase;
			buildActionMask = 2147483647;
			files = (
				B50F3F382518B0ED008701BB /* LaunchScreen.storyboard in Resources */,
				B50F3F602518B117008701BB /* Cert_Sample.PNG in Resources */,
				B50F3F352518B0ED008701BB /* Assets.xcassets in Resources */,
				B50F3F612518B117008701BB /* Cert_BG.PNG in Resources */,
				B50F3F332518B0ED008701BB /* Main.storyboard in Resources */,
			);
			runOnlyForDeploymentPostprocessing = 0;
		};
		B50F3F3C2518B0EE008701BB /* Resources */ = {
			isa = PBXResourcesBuildPhase;
			buildActionMask = 2147483647;
			files = (
			);
			runOnlyForDeploymentPostprocessing = 0;
		};
		B50F3F472518B0EE008701BB /* Resources */ = {
			isa = PBXResourcesBuildPhase;
			buildActionMask = 2147483647;
			files = (
			);
			runOnlyForDeploymentPostprocessing = 0;
		};
/* End PBXResourcesBuildPhase section */

/* Begin PBXSourcesBuildPhase section */
		B50F3F242518B0ED008701BB /* Sources */ = {
			isa = PBXSourcesBuildPhase;
			buildActionMask = 2147483647;
			files = (
				B50F3F302518B0ED008701BB /* ViewController.swift in Sources */,
				B50F3F2C2518B0ED008701BB /* AppDelegate.swift in Sources */,
				B50F3F2E2518B0ED008701BB /* SceneDelegate.swift in Sources */,
			);
			runOnlyForDeploymentPostprocessing = 0;
		};
		B50F3F3A2518B0EE008701BB /* Sources */ = {
			isa = PBXSourcesBuildPhase;
			buildActionMask = 2147483647;
			files = (
				B50F3F432518B0EE008701BB /* Cert_ExamTests.swift in Sources */,
			);
			runOnlyForDeploymentPostprocessing = 0;
		};
		B50F3F452518B0EE008701BB /* Sources */ = {
			isa = PBXSourcesBuildPhase;
			buildActionMask = 2147483647;
			files = (
				B50F3F4E2518B0EE008701BB /* Cert_ExamUITests.swift in Sources */,
			);
			runOnlyForDeploymentPostprocessing = 0;
		};
/* End PBXSourcesBuildPhase section */

/* Begin PBXTargetDependency section */
		B50F3F402518B0EE008701BB /* PBXTargetDependency */ = {
			isa = PBXTargetDependency;
			target = B50F3F272518B0ED008701BB /* Cert_Exam */;
			targetProxy = B50F3F3F2518B0EE008701BB /* PBXContainerItemProxy */;
		};
		B50F3F4B2518B0EE008701BB /* PBXTargetDependency */ = {
			isa = PBXTargetDependency;
			target = B50F3F272518B0ED008701BB /* Cert_Exam */;
			targetProxy = B50F3F4A2518B0EE008701BB /* PBXContainerItemProxy */;
		};
/* End PBXTargetDependency section */

/* Begin PBXVariantGroup section */
		B50F3F312518B0ED008701BB /* Main.storyboard */ = {
			isa = PBXVariantGroup;
			children = (
				B50F3F322518B0ED008701BB /* Base */,
			);
			name = Main.storyboard;
			sourceTree = "<group>";
		};
		B50F3F362518B0ED008701BB /* LaunchScreen.storyboard */ = {
			isa = PBXVariantGroup;
			children = (
				B50F3F372518B0ED008701BB /* Base */,
			);
			name = LaunchScreen.storyboard;
			sourceTree = "<group>";
		};
/* End PBXVariantGroup section */

/* Begin XCBuildConfiguration section */
		B50F3F502518B0EE008701BB /* Debug */ = {
			isa = XCBuildConfiguration;
			buildSettings = {
				ALWAYS_SEARCH_USER_PATHS = NO;
				CLANG_ANALYZER_NONNULL = YES;
				CLANG_ANALYZER_NUMBER_OBJECT_CONVERSION = YES_AGGRESSIVE;
				CLANG_CXX_LANGUAGE_STANDARD = "gnu++14";
				CLANG_CXX_LIBRARY = "libc++";
				CLANG_ENABLE_MODULES = YES;
				CLANG_ENABLE_OBJC_ARC = YES;
				CLANG_ENABLE_OBJC_WEAK = YES;
				CLANG_WARN_BLOCK_CAPTURE_AUTORELEASING = YES;
				CLANG_WARN_BOOL_CONVERSION = YES;
				CLANG_WARN_COMMA = YES;
				CLANG_WARN_CONSTANT_CONVERSION = YES;
				CLANG_WARN_DEPRECATED_OBJC_IMPLEMENTATIONS = YES;
				CLANG_WARN_DIRECT_OBJC_ISA_USAGE = YES_ERROR;
				CLANG_WARN_DOCUMENTATION_COMMENTS = YES;
				CLANG_WARN_EMPTY_BODY = YES;
				CLANG_WARN_ENUM_CONVERSION = YES;
				CLANG_WARN_INFINITE_RECURSION = YES;
				CLANG_WARN_INT_CONVERSION = YES;
				CLANG_WARN_NON_LITERAL_NULL_CONVERSION = YES;
				CLANG_WARN_OBJC_IMPLICIT_RETAIN_SELF = YES;
				CLANG_WARN_OBJC_LITERAL_CONVERSION = YES;
				CLANG_WARN_OBJC_ROOT_CLASS = YES_ERROR;
				CLANG_WARN_QUOTED_INCLUDE_IN_FRAMEWORK_HEADER = YES;
				CLANG_WARN_RANGE_LOOP_ANALYSIS = YES;
				CLANG_WARN_STRICT_PROTOTYPES = YES;
				CLANG_WARN_SUSPICIOUS_MOVE = YES;
				CLANG_WARN_UNGUARDED_AVAILABILITY = YES_AGGRESSIVE;
				CLANG_WARN_UNREACHABLE_CODE = YES;
				CLANG_WARN__DUPLICATE_METHOD_MATCH = YES;
				COPY_PHASE_STRIP = NO;
				DEBUG_INFORMATION_FORMAT = dwarf;
				ENABLE_STRICT_OBJC_MSGSEND = YES;
				ENABLE_TESTABILITY = YES;
				GCC_C_LANGUAGE_STANDARD = gnu11;
				GCC_DYNAMIC_NO_PIC = NO;
				GCC_NO_COMMON_BLOCKS = YES;
				GCC_OPTIMIZATION_LEVEL = 0;
				GCC_PREPROCESSOR_DEFINITIONS = (
					"DEBUG=1",
					"$(inherited)",
				);
				GCC_WARN_64_TO_32_BIT_CONVERSION = YES;
				GCC_WARN_ABOUT_RETURN_TYPE = YES_ERROR;
				GCC_WARN_UNDECLARED_SELECTOR = YES;
				GCC_WARN_UNINITIALIZED_AUTOS = YES_AGGRESSIVE;
				GCC_WARN_UNUSED_FUNCTION = YES;
				GCC_WARN_UNUSED_VARIABLE = YES;
				IPHONEOS_DEPLOYMENT_TARGET = 14.0;
				MTL_ENABLE_DEBUG_INFO = INCLUDE_SOURCE;
				MTL_FAST_MATH = YES;
				ONLY_ACTIVE_ARCH = YES;
				SDKROOT = iphoneos;
				SWIFT_ACTIVE_COMPILATION_CONDITIONS = DEBUG;
				SWIFT_OPTIMIZATION_LEVEL = "-Onone";
			};
			name = Debug;
		};
		B50F3F512518B0EE008701BB /* Release */ = {
			isa = XCBuildConfiguration;
			buildSettings = {
				ALWAYS_SEARCH_USER_PATHS = NO;
				CLANG_ANALYZER_NONNULL = YES;
				CLANG_ANALYZER_NUMBER_OBJECT_CONVERSION = YES_AGGRESSIVE;
				CLANG_CXX_LANGUAGE_STANDARD = "gnu++14";
				CLANG_CXX_LIBRARY = "libc++";
				CLANG_ENABLE_MODULES = YES;
				CLANG_ENABLE_OBJC_ARC = YES;
				CLANG_ENABLE_OBJC_WEAK = YES;
				CLANG_WARN_BLOCK_CAPTURE_AUTORELEASING = YES;
				CLANG_WARN_BOOL_CONVERSION = YES;
				CLANG_WARN_COMMA = YES;
				CLANG_WARN_CONSTANT_CONVERSION = YES;
				CLANG_WARN_DEPRECATED_OBJC_IMPLEMENTATIONS = YES;
				CLANG_WARN_DIRECT_OBJC_ISA_USAGE = YES_ERROR;
				CLANG_WARN_DOCUMENTATION_COMMENTS = YES;
				CLANG_WARN_EMPTY_BODY = YES;
				CLANG_WARN_ENUM_CONVERSION = YES;
				CLANG_WARN_INFINITE_RECURSION = YES;
				CLANG_WARN_INT_CONVERSION = YES;
				CLANG_WARN_NON_LITERAL_NULL_CONVERSION = YES;
				CLANG_WARN_OBJC_IMPLICIT_RETAIN_SELF = YES;
				CLANG_WARN_OBJC_LITERAL_CONVERSION = YES;
				CLANG_WARN_OBJC_ROOT_CLASS = YES_ERROR;
				CLANG_WARN_QUOTED_INCLUDE_IN_FRAMEWORK_HEADER = YES;
				CLANG_WARN_RANGE_LOOP_ANALYSIS = YES;
				CLANG_WARN_STRICT_PROTOTYPES = YES;
				CLANG_WARN_SUSPICIOUS_MOVE = YES;
				CLANG_WARN_UNGUARDED_AVAILABILITY = YES_AGGRESSIVE;
				CLANG_WARN_UNREACHABLE_CODE = YES;
				CLANG_WARN__DUPLICATE_METHOD_MATCH = YES;
				COPY_PHASE_STRIP = NO;
				DEBUG_INFORMATION_FORMAT = "dwarf-with-dsym";
				ENABLE_NS_ASSERTIONS = NO;
				ENABLE_STRICT_OBJC_MSGSEND = YES;
				GCC_C_LANGUAGE_STANDARD = gnu11;
				GCC_NO_COMMON_BLOCKS = YES;
				GCC_WARN_64_TO_32_BIT_CONVERSION = YES;
				GCC_WARN_ABOUT_RETURN_TYPE = YES_ERROR;
				GCC_WARN_UNDECLARED_SELECTOR = YES;
				GCC_WARN_UNINITIALIZED_AUTOS = YES_AGGRESSIVE;
				GCC_WARN_UNUSED_FUNCTION = YES;
				GCC_WARN_UNUSED_VARIABLE = YES;
				IPHONEOS_DEPLOYMENT_TARGET = 14.0;
				MTL_ENABLE_DEBUG_INFO = NO;
				MTL_FAST_MATH = YES;
				SDKROOT = iphoneos;
				SWIFT_COMPILATION_MODE = wholemodule;
				SWIFT_OPTIMIZATION_LEVEL = "-O";
				VALIDATE_PRODUCT = YES;
			};
			name = Release;
		};
		B50F3F532518B0EE008701BB /* Debug */ = {
			isa = XCBuildConfiguration;
			buildSettings = {
				ASSETCATALOG_COMPILER_APPICON_NAME = AppIcon;
				ASSETCATALOG_COMPILER_GLOBAL_ACCENT_COLOR_NAME = AccentColor;
				CODE_SIGN_STYLE = Automatic;
				DEVELOPMENT_TEAM = NSCRL9SYQK;
				INFOPLIST_FILE = Cert_Exam/Info.plist;
				LD_RUNPATH_SEARCH_PATHS = (
					"$(inherited)",
					"@executable_path/Frameworks",
				);
				PRODUCT_BUNDLE_IDENTIFIER = "com.sbk.Cert-Exam";
				PRODUCT_NAME = "$(TARGET_NAME)";
				SWIFT_VERSION = 5.0;
				TARGETED_DEVICE_FAMILY = "1,2";
			};
			name = Debug;
		};
		B50F3F542518B0EE008701BB /* Release */ = {
			isa = XCBuildConfiguration;
			buildSettings = {
				ASSETCATALOG_COMPILER_APPICON_NAME = AppIcon;
				ASSETCATALOG_COMPILER_GLOBAL_ACCENT_COLOR_NAME = AccentColor;
				CODE_SIGN_STYLE = Automatic;
				DEVELOPMENT_TEAM = NSCRL9SYQK;
				INFOPLIST_FILE = Cert_Exam/Info.plist;
				LD_RUNPATH_SEARCH_PATHS = (
					"$(inherited)",
					"@executable_path/Frameworks",
				);
				PRODUCT_BUNDLE_IDENTIFIER = "com.sbk.Cert-Exam";
				PRODUCT_NAME = "$(TARGET_NAME)";
				SWIFT_VERSION = 5.0;
				TARGETED_DEVICE_FAMILY = "1,2";
			};
			name = Release;
		};
		B50F3F562518B0EE008701BB /* Debug */ = {
			isa = XCBuildConfiguration;
			buildSettings = {
				ALWAYS_EMBED_SWIFT_STANDARD_LIBRARIES = YES;
				BUNDLE_LOADER = "$(TEST_HOST)";
				CODE_SIGN_STYLE = Automatic;
				DEVELOPMENT_TEAM = NSCRL9SYQK;
				INFOPLIST_FILE = Cert_ExamTests/Info.plist;
				IPHONEOS_DEPLOYMENT_TARGET = 14.0;
				LD_RUNPATH_SEARCH_PATHS = (
					"$(inherited)",
					"@executable_path/Frameworks",
					"@loader_path/Frameworks",
				);
				PRODUCT_BUNDLE_IDENTIFIER = "com.sbk.Cert-ExamTests";
				PRODUCT_NAME = "$(TARGET_NAME)";
				SWIFT_VERSION = 5.0;
				TARGETED_DEVICE_FAMILY = "1,2";
				TEST_HOST = "$(BUILT_PRODUCTS_DIR)/Cert_Exam.app/Cert_Exam";
			};
			name = Debug;
		};
		B50F3F572518B0EE008701BB /* Release */ = {
			isa = XCBuildConfiguration;
			buildSettings = {
				ALWAYS_EMBED_SWIFT_STANDARD_LIBRARIES = YES;
				BUNDLE_LOADER = "$(TEST_HOST)";
				CODE_SIGN_STYLE = Automatic;
				DEVELOPMENT_TEAM = NSCRL9SYQK;
				INFOPLIST_FILE = Cert_ExamTests/Info.plist;
				IPHONEOS_DEPLOYMENT_TARGET = 14.0;
				LD_RUNPATH_SEARCH_PATHS = (
					"$(inherited)",
					"@executable_path/Frameworks",
					"@loader_path/Frameworks",
				);
				PRODUCT_BUNDLE_IDENTIFIER = "com.sbk.Cert-ExamTests";
				PRODUCT_NAME = "$(TARGET_NAME)";
				SWIFT_VERSION = 5.0;
				TARGETED_DEVICE_FAMILY = "1,2";
				TEST_HOST = "$(BUILT_PRODUCTS_DIR)/Cert_Exam.app/Cert_Exam";
			};
			name = Release;
		};
		B50F3F592518B0EE008701BB /* Debug */ = {
			isa = XCBuildConfiguration;
			buildSettings = {
				ALWAYS_EMBED_SWIFT_STANDARD_LIBRARIES = YES;
				CODE_SIGN_STYLE = Automatic;
				DEVELOPMENT_TEAM = NSCRL9SYQK;
				INFOPLIST_FILE = Cert_ExamUITests/Info.plist;
				LD_RUNPATH_SEARCH_PATHS = (
					"$(inherited)",
					"@executable_path/Frameworks",
					"@loader_path/Frameworks",
				);
				PRODUCT_BUNDLE_IDENTIFIER = "com.sbk.Cert-ExamUITests";
				PRODUCT_NAME = "$(TARGET_NAME)";
				SWIFT_VERSION = 5.0;
				TARGETED_DEVICE_FAMILY = "1,2";
				TEST_TARGET_NAME = Cert_Exam;
			};
			name = Debug;
		};
		B50F3F5A2518B0EE008701BB /* Release */ = {
			isa = XCBuildConfiguration;
			buildSettings = {
				ALWAYS_EMBED_SWIFT_STANDARD_LIBRARIES = YES;
				CODE_SIGN_STYLE = Automatic;
				DEVELOPMENT_TEAM = NSCRL9SYQK;
				INFOPLIST_FILE = Cert_ExamUITests/Info.plist;
				LD_RUNPATH_SEARCH_PATHS = (
					"$(inherited)",
					"@executable_path/Frameworks",
					"@loader_path/Frameworks",
				);
				PRODUCT_BUNDLE_IDENTIFIER = "com.sbk.Cert-ExamUITests";
				PRODUCT_NAME = "$(TARGET_NAME)";
				SWIFT_VERSION = 5.0;
				TARGETED_DEVICE_FAMILY = "1,2";
				TEST_TARGET_NAME = Cert_Exam;
			};
			name = Release;
		};
/* End XCBuildConfiguration section */

/* Begin XCConfigurationList section */
		B50F3F232518B0ED008701BB /* Build configuration list for PBXProject "Cert_Exam" */ = {
			isa = XCConfigurationList;
			buildConfigurations = (
				B50F3F502518B0EE008701BB /* Debug */,
				B50F3F512518B0EE008701BB /* Release */,
			);
			defaultConfigurationIsVisible = 0;
			defaultConfigurationName = Release;
		};
		B50F3F522518B0EE008701BB /* Build configuration list for PBXNativeTarget "Cert_Exam" */ = {
			isa = XCConfigurationList;
			buildConfigurations = (
				B50F3F532518B0EE008701BB /* Debug */,
				B50F3F542518B0EE008701BB /* Release */,
			);
			defaultConfigurationIsVisible = 0;
			defaultConfigurationName = Release;
		};
		B50F3F552518B0EE008701BB /* Build configuration list for PBXNativeTarget "Cert_ExamTests" */ = {
			isa = XCConfigurationList;
			buildConfigurations = (
				B50F3F562518B0EE008701BB /* Debug */,
				B50F3F572518B0EE008701BB /* Release */,
			);
			defaultConfigurationIsVisible = 0;
			defaultConfigurationName = Release;
		};
		B50F3F582518B0EE008701BB /* Build configuration list for PBXNativeTarget "Cert_ExamUITests" */ = {
			isa = XCConfigurationList;
			buildConfigurations = (
				B50F3F592518B0EE008701BB /* Debug */,
				B50F3F5A2518B0EE008701BB /* Release */,
			);
			defaultConfigurationIsVisible = 0;
			defaultConfigurationName = Release;
		};
/* End XCConfigurationList section */
	};
	rootObject = B50F3F202518B0ED008701BB /* Project object */;
}
