// !$*UTF8*$!
{
	archiveVersion = 1;
	classes = {
	};
	objectVersion = 50;
	objects = {

/* Begin PBXBuildFile section */
		B5BF231C25775137005DAD20 /* AppDelegate.swift in Sources */ = {isa = PBXBuildFile; fileRef = B5BF231B25775137005DAD20 /* AppDelegate.swift */; };
		B5BF231E25775137005DAD20 /* SceneDelegate.swift in Sources */ = {isa = PBXBuildFile; fileRef = B5BF231D25775137005DAD20 /* SceneDelegate.swift */; };
		B5BF232025775137005DAD20 /* ViewController.swift in Sources */ = {isa = PBXBuildFile; fileRef = B5BF231F25775137005DAD20 /* ViewController.swift */; };
		B5BF232325775137005DAD20 /* Main.storyboard in Resources */ = {isa = PBXBuildFile; fileRef = B5BF232125775137005DAD20 /* Main.storyboard */; };
		B5BF232525775138005DAD20 /* Assets.xcassets in Resources */ = {isa = PBXBuildFile; fileRef = B5BF232425775138005DAD20 /* Assets.xcassets */; };
		B5BF232825775138005DAD20 /* LaunchScreen.storyboard in Resources */ = {isa = PBXBuildFile; fileRef = B5BF232625775138005DAD20 /* LaunchScreen.storyboard */; };
		B5BF2331257751E3005DAD20 /* LoginMenuController.swift in Sources */ = {isa = PBXBuildFile; fileRef = B5BF2330257751E3005DAD20 /* LoginMenuController.swift */; };
		B5BF2335257752D5005DAD20 /* LoginMenuController.storyboard in Resources */ = {isa = PBXBuildFile; fileRef = B5BF2334257752D5005DAD20 /* LoginMenuController.storyboard */; };
/* End PBXBuildFile section */

/* Begin PBXFileReference section */
		B5BF231825775137005DAD20 /* LoginPageConfig.app */ = {isa = PBXFileReference; explicitFileType = wrapper.application; includeInIndex = 0; path = LoginPageConfig.app; sourceTree = BUILT_PRODUCTS_DIR; };
		B5BF231B25775137005DAD20 /* AppDelegate.swift */ = {isa = PBXFileReference; lastKnownFileType = sourcecode.swift; path = AppDelegate.swift; sourceTree = "<group>"; };
		B5BF231D25775137005DAD20 /* SceneDelegate.swift */ = {isa = PBXFileReference; lastKnownFileType = sourcecode.swift; path = SceneDelegate.swift; sourceTree = "<group>"; };
		B5BF231F25775137005DAD20 /* ViewController.swift */ = {isa = PBXFileReference; lastKnownFileType = sourcecode.swift; path = ViewController.swift; sourceTree = "<group>"; };
		B5BF232225775137005DAD20 /* Base */ = {isa = PBXFileReference; lastKnownFileType = file.storyboard; name = Base; path = Base.lproj/Main.storyboard; sourceTree = "<group>"; };
		B5BF232425775138005DAD20 /* Assets.xcassets */ = {isa = PBXFileReference; lastKnownFileType = folder.assetcatalog; path = Assets.xcassets; sourceTree = "<group>"; };
		B5BF232725775138005DAD20 /* Base */ = {isa = PBXFileReference; lastKnownFileType = file.storyboard; name = Base; path = Base.lproj/LaunchScreen.storyboard; sourceTree = "<group>"; };
		B5BF232925775138005DAD20 /* Info.plist */ = {isa = PBXFileReference; lastKnownFileType = text.plist.xml; path = Info.plist; sourceTree = "<group>"; };
		B5BF2330257751E3005DAD20 /* LoginMenuController.swift */ = {isa = PBXFileReference; lastKnownFileType = sourcecode.swift; path = LoginMenuController.swift; sourceTree = "<group>"; };
		B5BF2334257752D5005DAD20 /* LoginMenuController.storyboard */ = {isa = PBXFileReference; lastKnownFileType = file.storyboard; path = LoginMenuController.storyboard; sourceTree = "<group>"; };
/* End PBXFileReference section */

/* Begin PBXFrameworksBuildPhase section */
		B5BF231525775137005DAD20 /* Frameworks */ = {
			isa = PBXFrameworksBuildPhase;
			buildActionMask = 2147483647;
			files = (
			);
			runOnlyForDeploymentPostprocessing = 0;
		};
/* End PBXFrameworksBuildPhase section */

/* Begin PBXGroup section */
		B5BF230F25775137005DAD20 = {
			isa = PBXGroup;
			children = (
				B5BF231A25775137005DAD20 /* LoginPageConfig */,
				B5BF231925775137005DAD20 /* Products */,
			);
			sourceTree = "<group>";
		};
		B5BF231925775137005DAD20 /* Products */ = {
			isa = PBXGroup;
			children = (
				B5BF231825775137005DAD20 /* LoginPageConfig.app */,
			);
			name = Products;
			sourceTree = "<group>";
		};
		B5BF231A25775137005DAD20 /* LoginPageConfig */ = {
			isa = PBXGroup;
			children = (
				B5BF231B25775137005DAD20 /* AppDelegate.swift */,
				B5BF231D25775137005DAD20 /* SceneDelegate.swift */,
				B5BF231F25775137005DAD20 /* ViewController.swift */,
				B5BF232125775137005DAD20 /* Main.storyboard */,
				B5BF2330257751E3005DAD20 /* LoginMenuController.swift */,
				B5BF2334257752D5005DAD20 /* LoginMenuController.storyboard */,
				B5BF232425775138005DAD20 /* Assets.xcassets */,
				B5BF232625775138005DAD20 /* LaunchScreen.storyboard */,
				B5BF232925775138005DAD20 /* Info.plist */,
			);
			path = LoginPageConfig;
			sourceTree = "<group>";
		};
/* End PBXGroup section */

/* Begin PBXNativeTarget section */
		B5BF231725775137005DAD20 /* LoginPageConfig */ = {
			isa = PBXNativeTarget;
			buildConfigurationList = B5BF232C25775138005DAD20 /* Build configuration list for PBXNativeTarget "LoginPageConfig" */;
			buildPhases = (
				B5BF231425775137005DAD20 /* Sources */,
				B5BF231525775137005DAD20 /* Frameworks */,
				B5BF231625775137005DAD20 /* Resources */,
			);
			buildRules = (
			);
			dependencies = (
			);
			name = LoginPageConfig;
			productName = LoginPageConfig;
			productReference = B5BF231825775137005DAD20 /* LoginPageConfig.app */;
			productType = "com.apple.product-type.application";
		};
/* End PBXNativeTarget section */

/* Begin PBXProject section */
		B5BF231025775137005DAD20 /* Project object */ = {
			isa = PBXProject;
			attributes = {
				LastSwiftUpdateCheck = 1220;
				LastUpgradeCheck = 1220;
				TargetAttributes = {
					B5BF231725775137005DAD20 = {
						CreatedOnToolsVersion = 12.2;
					};
				};
			};
			buildConfigurationList = B5BF231325775137005DAD20 /* Build configuration list for PBXProject "LoginPageConfig" */;
			compatibilityVersion = "Xcode 9.3";
			developmentRegion = en;
			hasScannedForEncodings = 0;
			knownRegions = (
				en,
				Base,
			);
			mainGroup = B5BF230F25775137005DAD20;
			productRefGroup = B5BF231925775137005DAD20 /* Products */;
			projectDirPath = "";
			projectRoot = "";
			targets = (
				B5BF231725775137005DAD20 /* LoginPageConfig */,
			);
		};
/* End PBXProject section */

/* Begin PBXResourcesBuildPhase section */
		B5BF231625775137005DAD20 /* Resources */ = {
			isa = PBXResourcesBuildPhase;
			buildActionMask = 2147483647;
			files = (
				B5BF232825775138005DAD20 /* LaunchScreen.storyboard in Resources */,
				B5BF232525775138005DAD20 /* Assets.xcassets in Resources */,
				B5BF232325775137005DAD20 /* Main.storyboard in Resources */,
				B5BF2335257752D5005DAD20 /* LoginMenuController.storyboard in Resources */,
			);
			runOnlyForDeploymentPostprocessing = 0;
		};
/* End PBXResourcesBuildPhase section */

/* Begin PBXSourcesBuildPhase section */
		B5BF231425775137005DAD20 /* Sources */ = {
			isa = PBXSourcesBuildPhase;
			buildActionMask = 2147483647;
			files = (
				B5BF232025775137005DAD20 /* ViewController.swift in Sources */,
				B5BF231C25775137005DAD20 /* AppDelegate.swift in Sources */,
				B5BF2331257751E3005DAD20 /* LoginMenuController.swift in Sources */,
				B5BF231E25775137005DAD20 /* SceneDelegate.swift in Sources */,
			);
			runOnlyForDeploymentPostprocessing = 0;
		};
/* End PBXSourcesBuildPhase section */

/* Begin PBXVariantGroup section */
		B5BF232125775137005DAD20 /* Main.storyboard */ = {
			isa = PBXVariantGroup;
			children = (
				B5BF232225775137005DAD20 /* Base */,
			);
			name = Main.storyboard;
			sourceTree = "<group>";
		};
		B5BF232625775138005DAD20 /* LaunchScreen.storyboard */ = {
			isa = PBXVariantGroup;
			children = (
				B5BF232725775138005DAD20 /* Base */,
			);
			name = LaunchScreen.storyboard;
			sourceTree = "<group>";
		};
/* End PBXVariantGroup section */

/* Begin XCBuildConfiguration section */
		B5BF232A25775138005DAD20 /* Debug */ = {
			isa = XCBuildConfiguration;
			buildSettings = {
				ALWAYS_SEARCH_USER_PATHS = NO;
				CLANG_ANALYZER_NONNULL = YES;
				CLANG_ANALYZER_NUMBER_OBJECT_CONVERSION = YES_AGGRESSIVE;
				CLANG_CXX_LANGUAGE_STANDARD = "gnu++14";
				CLANG_CXX_LIBRARY = "libc++";
				CLANG_ENABLE_MODULES = YES;
				CLANG_ENABLE_OBJC_ARC = YES;
				CLANG_ENABLE_OBJC_WEAK = YES;
				CLANG_WARN_BLOCK_CAPTURE_AUTORELEASING = YES;
				CLANG_WARN_BOOL_CONVERSION = YES;
				CLANG_WARN_COMMA = YES;
				CLANG_WARN_CONSTANT_CONVERSION = YES;
				CLANG_WARN_DEPRECATED_OBJC_IMPLEMENTATIONS = YES;
				CLANG_WARN_DIRECT_OBJC_ISA_USAGE = YES_ERROR;
				CLANG_WARN_DOCUMENTATION_COMMENTS = YES;
				CLANG_WARN_EMPTY_BODY = YES;
				CLANG_WARN_ENUM_CONVERSION = YES;
				CLANG_WARN_INFINITE_RECURSION = YES;
				CLANG_WARN_INT_CONVERSION = YES;
				CLANG_WARN_NON_LITERAL_NULL_CONVERSION = YES;
				CLANG_WARN_OBJC_IMPLICIT_RETAIN_SELF = YES;
				CLANG_WARN_OBJC_LITERAL_CONVERSION = YES;
				CLANG_WARN_OBJC_ROOT_CLASS = YES_ERROR;
				CLANG_WARN_QUOTED_INCLUDE_IN_FRAMEWORK_HEADER = YES;
				CLANG_WARN_RANGE_LOOP_ANALYSIS = YES;
				CLANG_WARN_STRICT_PROTOTYPES = YES;
				CLANG_WARN_SUSPICIOUS_MOVE = YES;
				CLANG_WARN_UNGUARDED_AVAILABILITY = YES_AGGRESSIVE;
				CLANG_WARN_UNREACHABLE_CODE = YES;
				CLANG_WARN__DUPLICATE_METHOD_MATCH = YES;
				COPY_PHASE_STRIP = NO;
				DEBUG_INFORMATION_FORMAT = dwarf;
				ENABLE_STRICT_OBJC_MSGSEND = YES;
				ENABLE_TESTABILITY = YES;
				GCC_C_LANGUAGE_STANDARD = gnu11;
				GCC_DYNAMIC_NO_PIC = NO;
				GCC_NO_COMMON_BLOCKS = YES;
				GCC_OPTIMIZATION_LEVEL = 0;
				GCC_PREPROCESSOR_DEFINITIONS = (
					"DEBUG=1",
					"$(inherited)",
				);
				GCC_WARN_64_TO_32_BIT_CONVERSION = YES;
				GCC_WARN_ABOUT_RETURN_TYPE = YES_ERROR;
				GCC_WARN_UNDECLARED_SELECTOR = YES;
				GCC_WARN_UNINITIALIZED_AUTOS = YES_AGGRESSIVE;
				GCC_WARN_UNUSED_FUNCTION = YES;
				GCC_WARN_UNUSED_VARIABLE = YES;
				IPHONEOS_DEPLOYMENT_TARGET = 14.2;
				MTL_ENABLE_DEBUG_INFO = INCLUDE_SOURCE;
				MTL_FAST_MATH = YES;
				ONLY_ACTIVE_ARCH = YES;
				SDKROOT = iphoneos;
				SWIFT_ACTIVE_COMPILATION_CONDITIONS = DEBUG;
				SWIFT_OPTIMIZATION_LEVEL = "-Onone";
			};
			name = Debug;
		};
		B5BF232B25775138005DAD20 /* Release */ = {
			isa = XCBuildConfiguration;
			buildSettings = {
				ALWAYS_SEARCH_USER_PATHS = NO;
				CLANG_ANALYZER_NONNULL = YES;
				CLANG_ANALYZER_NUMBER_OBJECT_CONVERSION = YES_AGGRESSIVE;
				CLANG_CXX_LANGUAGE_STANDARD = "gnu++14";
				CLANG_CXX_LIBRARY = "libc++";
				CLANG_ENABLE_MODULES = YES;
				CLANG_ENABLE_OBJC_ARC = YES;
				CLANG_ENABLE_OBJC_WEAK = YES;
				CLANG_WARN_BLOCK_CAPTURE_AUTORELEASING = YES;
				CLANG_WARN_BOOL_CONVERSION = YES;
				CLANG_WARN_COMMA = YES;
				CLANG_WARN_CONSTANT_CONVERSION = YES;
				CLANG_WARN_DEPRECATED_OBJC_IMPLEMENTATIONS = YES;
				CLANG_WARN_DIRECT_OBJC_ISA_USAGE = YES_ERROR;
				CLANG_WARN_DOCUMENTATION_COMMENTS = YES;
				CLANG_WARN_EMPTY_BODY = YES;
				CLANG_WARN_ENUM_CONVERSION = YES;
				CLANG_WARN_INFINITE_RECURSION = YES;
				CLANG_WARN_INT_CONVERSION = YES;
				CLANG_WARN_NON_LITERAL_NULL_CONVERSION = YES;
				CLANG_WARN_OBJC_IMPLICIT_RETAIN_SELF = YES;
				CLANG_WARN_OBJC_LITERAL_CONVERSION = YES;
				CLANG_WARN_OBJC_ROOT_CLASS = YES_ERROR;
				CLANG_WARN_QUOTED_INCLUDE_IN_FRAMEWORK_HEADER = YES;
				CLANG_WARN_RANGE_LOOP_ANALYSIS = YES;
				CLANG_WARN_STRICT_PROTOTYPES = YES;
				CLANG_WARN_SUSPICIOUS_MOVE = YES;
				CLANG_WARN_UNGUARDED_AVAILABILITY = YES_AGGRESSIVE;
				CLANG_WARN_UNREACHABLE_CODE = YES;
				CLANG_WARN__DUPLICATE_METHOD_MATCH = YES;
				COPY_PHASE_STRIP = NO;
				DEBUG_INFORMATION_FORMAT = "dwarf-with-dsym";
				ENABLE_NS_ASSERTIONS = NO;
				ENABLE_STRICT_OBJC_MSGSEND = YES;
				GCC_C_LANGUAGE_STANDARD = gnu11;
				GCC_NO_COMMON_BLOCKS = YES;
				GCC_WARN_64_TO_32_BIT_CONVERSION = YES;
				GCC_WARN_ABOUT_RETURN_TYPE = YES_ERROR;
				GCC_WARN_UNDECLARED_SELECTOR = YES;
				GCC_WARN_UNINITIALIZED_AUTOS = YES_AGGRESSIVE;
				GCC_WARN_UNUSED_FUNCTION = YES;
				GCC_WARN_UNUSED_VARIABLE = YES;
				IPHONEOS_DEPLOYMENT_TARGET = 14.2;
				MTL_ENABLE_DEBUG_INFO = NO;
				MTL_FAST_MATH = YES;
				SDKROOT = iphoneos;
				SWIFT_COMPILATION_MODE = wholemodule;
				SWIFT_OPTIMIZATION_LEVEL = "-O";
				VALIDATE_PRODUCT = YES;
			};
			name = Release;
		};
		B5BF232D25775138005DAD20 /* Debug */ = {
			isa = XCBuildConfiguration;
			buildSettings = {
				ASSETCATALOG_COMPILER_APPICON_NAME = AppIcon;
				ASSETCATALOG_COMPILER_GLOBAL_ACCENT_COLOR_NAME = AccentColor;
				CODE_SIGN_STYLE = Automatic;
				DEVELOPMENT_TEAM = NSCRL9SYQK;
				INFOPLIST_FILE = LoginPageConfig/Info.plist;
				LD_RUNPATH_SEARCH_PATHS = (
					"$(inherited)",
					"@executable_path/Frameworks",
				);
				PRODUCT_BUNDLE_IDENTIFIER = com.sbk.LoginPageConfig;
				PRODUCT_NAME = "$(TARGET_NAME)";
				SWIFT_VERSION = 5.0;
				TARGETED_DEVICE_FAMILY = "1,2";
			};
			name = Debug;
		};
		B5BF232E25775138005DAD20 /* Release */ = {
			isa = XCBuildConfiguration;
			buildSettings = {
				ASSETCATALOG_COMPILER_APPICON_NAME = AppIcon;
				ASSETCATALOG_COMPILER_GLOBAL_ACCENT_COLOR_NAME = AccentColor;
				CODE_SIGN_STYLE = Automatic;
				DEVELOPMENT_TEAM = NSCRL9SYQK;
				INFOPLIST_FILE = LoginPageConfig/Info.plist;
				LD_RUNPATH_SEARCH_PATHS = (
					"$(inherited)",
					"@executable_path/Frameworks",
				);
				PRODUCT_BUNDLE_IDENTIFIER = com.sbk.LoginPageConfig;
				PRODUCT_NAME = "$(TARGET_NAME)";
				SWIFT_VERSION = 5.0;
				TARGETED_DEVICE_FAMILY = "1,2";
			};
			name = Release;
		};
/* End XCBuildConfiguration section */

/* Begin XCConfigurationList section */
		B5BF231325775137005DAD20 /* Build configuration list for PBXProject "LoginPageConfig" */ = {
			isa = XCConfigurationList;
			buildConfigurations = (
				B5BF232A25775138005DAD20 /* Debug */,
				B5BF232B25775138005DAD20 /* Release */,
			);
			defaultConfigurationIsVisible = 0;
			defaultConfigurationName = Release;
		};
		B5BF232C25775138005DAD20 /* Build configuration list for PBXNativeTarget "LoginPageConfig" */ = {
			isa = XCConfigurationList;
			buildConfigurations = (
				B5BF232D25775138005DAD20 /* Debug */,
				B5BF232E25775138005DAD20 /* Release */,
			);
			defaultConfigurationIsVisible = 0;
			defaultConfigurationName = Release;
		};
/* End XCConfigurationList section */
	};
	rootObject = B5BF231025775137005DAD20 /* Project object */;
}
