// !$*UTF8*$!
{
	archiveVersion = 1;
	classes = {
	};
	objectVersion = 50;
	objects = {

/* Begin PBXBuildFile section */
		B56B83F8251783D3005DAB8C /* AppDelegate.swift in Sources */ = {isa = PBXBuildFile; fileRef = B56B83F7251783D3005DAB8C /* AppDelegate.swift */; };
		B56B83FA251783D3005DAB8C /* SceneDelegate.swift in Sources */ = {isa = PBXBuildFile; fileRef = B56B83F9251783D3005DAB8C /* SceneDelegate.swift */; };
		B56B83FC251783D3005DAB8C /* ViewController.swift in Sources */ = {isa = PBXBuildFile; fileRef = B56B83FB251783D3005DAB8C /* ViewController.swift */; };
		B56B83FF251783D3005DAB8C /* Main.storyboard in Resources */ = {isa = PBXBuildFile; fileRef = B56B83FD251783D3005DAB8C /* Main.storyboard */; };
		B56B8401251783D4005DAB8C /* Assets.xcassets in Resources */ = {isa = PBXBuildFile; fileRef = B56B8400251783D4005DAB8C /* Assets.xcassets */; };
		B56B8404251783D4005DAB8C /* LaunchScreen.storyboard in Resources */ = {isa = PBXBuildFile; fileRef = B56B8402251783D4005DAB8C /* LaunchScreen.storyboard */; };
		B56B840F251783D4005DAB8C /* Calc_StackViewTests.swift in Sources */ = {isa = PBXBuildFile; fileRef = B56B840E251783D4005DAB8C /* Calc_StackViewTests.swift */; };
		B56B841A251783D4005DAB8C /* Calc_StackViewUITests.swift in Sources */ = {isa = PBXBuildFile; fileRef = B56B8419251783D4005DAB8C /* Calc_StackViewUITests.swift */; };
/* End PBXBuildFile section */

/* Begin PBXContainerItemProxy section */
		B56B840B251783D4005DAB8C /* PBXContainerItemProxy */ = {
			isa = PBXContainerItemProxy;
			containerPortal = B56B83EC251783D3005DAB8C /* Project object */;
			proxyType = 1;
			remoteGlobalIDString = B56B83F3251783D3005DAB8C;
			remoteInfo = Calc_StackView;
		};
		B56B8416251783D4005DAB8C /* PBXContainerItemProxy */ = {
			isa = PBXContainerItemProxy;
			containerPortal = B56B83EC251783D3005DAB8C /* Project object */;
			proxyType = 1;
			remoteGlobalIDString = B56B83F3251783D3005DAB8C;
			remoteInfo = Calc_StackView;
		};
/* End PBXContainerItemProxy section */

/* Begin PBXFileReference section */
		B56B83F4251783D3005DAB8C /* Calc_StackView.app */ = {isa = PBXFileReference; explicitFileType = wrapper.application; includeInIndex = 0; path = Calc_StackView.app; sourceTree = BUILT_PRODUCTS_DIR; };
		B56B83F7251783D3005DAB8C /* AppDelegate.swift */ = {isa = PBXFileReference; lastKnownFileType = sourcecode.swift; path = AppDelegate.swift; sourceTree = "<group>"; };
		B56B83F9251783D3005DAB8C /* SceneDelegate.swift */ = {isa = PBXFileReference; lastKnownFileType = sourcecode.swift; path = SceneDelegate.swift; sourceTree = "<group>"; };
		B56B83FB251783D3005DAB8C /* ViewController.swift */ = {isa = PBXFileReference; lastKnownFileType = sourcecode.swift; path = ViewController.swift; sourceTree = "<group>"; };
		B56B83FE251783D3005DAB8C /* Base */ = {isa = PBXFileReference; lastKnownFileType = file.storyboard; name = Base; path = Base.lproj/Main.storyboard; sourceTree = "<group>"; };
		B56B8400251783D4005DAB8C /* Assets.xcassets */ = {isa = PBXFileReference; lastKnownFileType = folder.assetcatalog; path = Assets.xcassets; sourceTree = "<group>"; };
		B56B8403251783D4005DAB8C /* Base */ = {isa = PBXFileReference; lastKnownFileType = file.storyboard; name = Base; path = Base.lproj/LaunchScreen.storyboard; sourceTree = "<group>"; };
		B56B8405251783D4005DAB8C /* Info.plist */ = {isa = PBXFileReference; lastKnownFileType = text.plist.xml; path = Info.plist; sourceTree = "<group>"; };
		B56B840A251783D4005DAB8C /* Calc_StackViewTests.xctest */ = {isa = PBXFileReference; explicitFileType = wrapper.cfbundle; includeInIndex = 0; path = Calc_StackViewTests.xctest; sourceTree = BUILT_PRODUCTS_DIR; };
		B56B840E251783D4005DAB8C /* Calc_StackViewTests.swift */ = {isa = PBXFileReference; lastKnownFileType = sourcecode.swift; path = Calc_StackViewTests.swift; sourceTree = "<group>"; };
		B56B8410251783D4005DAB8C /* Info.plist */ = {isa = PBXFileReference; lastKnownFileType = text.plist.xml; path = Info.plist; sourceTree = "<group>"; };
		B56B8415251783D4005DAB8C /* Calc_StackViewUITests.xctest */ = {isa = PBXFileReference; explicitFileType = wrapper.cfbundle; includeInIndex = 0; path = Calc_StackViewUITests.xctest; sourceTree = BUILT_PRODUCTS_DIR; };
		B56B8419251783D4005DAB8C /* Calc_StackViewUITests.swift */ = {isa = PBXFileReference; lastKnownFileType = sourcecode.swift; path = Calc_StackViewUITests.swift; sourceTree = "<group>"; };
		B56B841B251783D4005DAB8C /* Info.plist */ = {isa = PBXFileReference; lastKnownFileType = text.plist.xml; path = Info.plist; sourceTree = "<group>"; };
/* End PBXFileReference section */

/* Begin PBXFrameworksBuildPhase section */
		B56B83F1251783D3005DAB8C /* Frameworks */ = {
			isa = PBXFrameworksBuildPhase;
			buildActionMask = 2147483647;
			files = (
			);
			runOnlyForDeploymentPostprocessing = 0;
		};
		B56B8407251783D4005DAB8C /* Frameworks */ = {
			isa = PBXFrameworksBuildPhase;
			buildActionMask = 2147483647;
			files = (
			);
			runOnlyForDeploymentPostprocessing = 0;
		};
		B56B8412251783D4005DAB8C /* Frameworks */ = {
			isa = PBXFrameworksBuildPhase;
			buildActionMask = 2147483647;
			files = (
			);
			runOnlyForDeploymentPostprocessing = 0;
		};
/* End PBXFrameworksBuildPhase section */

/* Begin PBXGroup section */
		B56B83EB251783D3005DAB8C = {
			isa = PBXGroup;
			children = (
				B56B83F6251783D3005DAB8C /* Calc_StackView */,
				B56B840D251783D4005DAB8C /* Calc_StackViewTests */,
				B56B8418251783D4005DAB8C /* Calc_StackViewUITests */,
				B56B83F5251783D3005DAB8C /* Products */,
			);
			sourceTree = "<group>";
		};
		B56B83F5251783D3005DAB8C /* Products */ = {
			isa = PBXGroup;
			children = (
				B56B83F4251783D3005DAB8C /* Calc_StackView.app */,
				B56B840A251783D4005DAB8C /* Calc_StackViewTests.xctest */,
				B56B8415251783D4005DAB8C /* Calc_StackViewUITests.xctest */,
			);
			name = Products;
			sourceTree = "<group>";
		};
		B56B83F6251783D3005DAB8C /* Calc_StackView */ = {
			isa = PBXGroup;
			children = (
				B56B83F7251783D3005DAB8C /* AppDelegate.swift */,
				B56B83F9251783D3005DAB8C /* SceneDelegate.swift */,
				B56B83FB251783D3005DAB8C /* ViewController.swift */,
				B56B83FD251783D3005DAB8C /* Main.storyboard */,
				B56B8400251783D4005DAB8C /* Assets.xcassets */,
				B56B8402251783D4005DAB8C /* LaunchScreen.storyboard */,
				B56B8405251783D4005DAB8C /* Info.plist */,
			);
			path = Calc_StackView;
			sourceTree = "<group>";
		};
		B56B840D251783D4005DAB8C /* Calc_StackViewTests */ = {
			isa = PBXGroup;
			children = (
				B56B840E251783D4005DAB8C /* Calc_StackViewTests.swift */,
				B56B8410251783D4005DAB8C /* Info.plist */,
			);
			path = Calc_StackViewTests;
			sourceTree = "<group>";
		};
		B56B8418251783D4005DAB8C /* Calc_StackViewUITests */ = {
			isa = PBXGroup;
			children = (
				B56B8419251783D4005DAB8C /* Calc_StackViewUITests.swift */,
				B56B841B251783D4005DAB8C /* Info.plist */,
			);
			path = Calc_StackViewUITests;
			sourceTree = "<group>";
		};
/* End PBXGroup section */

/* Begin PBXNativeTarget section */
		B56B83F3251783D3005DAB8C /* Calc_StackView */ = {
			isa = PBXNativeTarget;
			buildConfigurationList = B56B841E251783D4005DAB8C /* Build configuration list for PBXNativeTarget "Calc_StackView" */;
			buildPhases = (
				B56B83F0251783D3005DAB8C /* Sources */,
				B56B83F1251783D3005DAB8C /* Frameworks */,
				B56B83F2251783D3005DAB8C /* Resources */,
			);
			buildRules = (
			);
			dependencies = (
			);
			name = Calc_StackView;
			productName = Calc_StackView;
			productReference = B56B83F4251783D3005DAB8C /* Calc_StackView.app */;
			productType = "com.apple.product-type.application";
		};
		B56B8409251783D4005DAB8C /* Calc_StackViewTests */ = {
			isa = PBXNativeTarget;
			buildConfigurationList = B56B8421251783D4005DAB8C /* Build configuration list for PBXNativeTarget "Calc_StackViewTests" */;
			buildPhases = (
				B56B8406251783D4005DAB8C /* Sources */,
				B56B8407251783D4005DAB8C /* Frameworks */,
				B56B8408251783D4005DAB8C /* Resources */,
			);
			buildRules = (
			);
			dependencies = (
				B56B840C251783D4005DAB8C /* PBXTargetDependency */,
			);
			name = Calc_StackViewTests;
			productName = Calc_StackViewTests;
			productReference = B56B840A251783D4005DAB8C /* Calc_StackViewTests.xctest */;
			productType = "com.apple.product-type.bundle.unit-test";
		};
		B56B8414251783D4005DAB8C /* Calc_StackViewUITests */ = {
			isa = PBXNativeTarget;
			buildConfigurationList = B56B8424251783D4005DAB8C /* Build configuration list for PBXNativeTarget "Calc_StackViewUITests" */;
			buildPhases = (
				B56B8411251783D4005DAB8C /* Sources */,
				B56B8412251783D4005DAB8C /* Frameworks */,
				B56B8413251783D4005DAB8C /* Resources */,
			);
			buildRules = (
			);
			dependencies = (
				B56B8417251783D4005DAB8C /* PBXTargetDependency */,
			);
			name = Calc_StackViewUITests;
			productName = Calc_StackViewUITests;
			productReference = B56B8415251783D4005DAB8C /* Calc_StackViewUITests.xctest */;
			productType = "com.apple.product-type.bundle.ui-testing";
		};
/* End PBXNativeTarget section */

/* Begin PBXProject section */
		B56B83EC251783D3005DAB8C /* Project object */ = {
			isa = PBXProject;
			attributes = {
				LastSwiftUpdateCheck = 1200;
				LastUpgradeCheck = 1200;
				TargetAttributes = {
					B56B83F3251783D3005DAB8C = {
						CreatedOnToolsVersion = 12.0;
					};
					B56B8409251783D4005DAB8C = {
						CreatedOnToolsVersion = 12.0;
						TestTargetID = B56B83F3251783D3005DAB8C;
					};
					B56B8414251783D4005DAB8C = {
						CreatedOnToolsVersion = 12.0;
						TestTargetID = B56B83F3251783D3005DAB8C;
					};
				};
			};
			buildConfigurationList = B56B83EF251783D3005DAB8C /* Build configuration list for PBXProject "Calc_StackView" */;
			compatibilityVersion = "Xcode 9.3";
			developmentRegion = en;
			hasScannedForEncodings = 0;
			knownRegions = (
				en,
				Base,
			);
			mainGroup = B56B83EB251783D3005DAB8C;
			productRefGroup = B56B83F5251783D3005DAB8C /* Products */;
			projectDirPath = "";
			projectRoot = "";
			targets = (
				B56B83F3251783D3005DAB8C /* Calc_StackView */,
				B56B8409251783D4005DAB8C /* Calc_StackViewTests */,
				B56B8414251783D4005DAB8C /* Calc_StackViewUITests */,
			);
		};
/* End PBXProject section */

/* Begin PBXResourcesBuildPhase section */
		B56B83F2251783D3005DAB8C /* Resources */ = {
			isa = PBXResourcesBuildPhase;
			buildActionMask = 2147483647;
			files = (
				B56B8404251783D4005DAB8C /* LaunchScreen.storyboard in Resources */,
				B56B8401251783D4005DAB8C /* Assets.xcassets in Resources */,
				B56B83FF251783D3005DAB8C /* Main.storyboard in Resources */,
			);
			runOnlyForDeploymentPostprocessing = 0;
		};
		B56B8408251783D4005DAB8C /* Resources */ = {
			isa = PBXResourcesBuildPhase;
			buildActionMask = 2147483647;
			files = (
			);
			runOnlyForDeploymentPostprocessing = 0;
		};
		B56B8413251783D4005DAB8C /* Resources */ = {
			isa = PBXResourcesBuildPhase;
			buildActionMask = 2147483647;
			files = (
			);
			runOnlyForDeploymentPostprocessing = 0;
		};
/* End PBXResourcesBuildPhase section */

/* Begin PBXSourcesBuildPhase section */
		B56B83F0251783D3005DAB8C /* Sources */ = {
			isa = PBXSourcesBuildPhase;
			buildActionMask = 2147483647;
			files = (
				B56B83FC251783D3005DAB8C /* ViewController.swift in Sources */,
				B56B83F8251783D3005DAB8C /* AppDelegate.swift in Sources */,
				B56B83FA251783D3005DAB8C /* SceneDelegate.swift in Sources */,
			);
			runOnlyForDeploymentPostprocessing = 0;
		};
		B56B8406251783D4005DAB8C /* Sources */ = {
			isa = PBXSourcesBuildPhase;
			buildActionMask = 2147483647;
			files = (
				B56B840F251783D4005DAB8C /* Calc_StackViewTests.swift in Sources */,
			);
			runOnlyForDeploymentPostprocessing = 0;
		};
		B56B8411251783D4005DAB8C /* Sources */ = {
			isa = PBXSourcesBuildPhase;
			buildActionMask = 2147483647;
			files = (
				B56B841A251783D4005DAB8C /* Calc_StackViewUITests.swift in Sources */,
			);
			runOnlyForDeploymentPostprocessing = 0;
		};
/* End PBXSourcesBuildPhase section */

/* Begin PBXTargetDependency section */
		B56B840C251783D4005DAB8C /* PBXTargetDependency */ = {
			isa = PBXTargetDependency;
			target = B56B83F3251783D3005DAB8C /* Calc_StackView */;
			targetProxy = B56B840B251783D4005DAB8C /* PBXContainerItemProxy */;
		};
		B56B8417251783D4005DAB8C /* PBXTargetDependency */ = {
			isa = PBXTargetDependency;
			target = B56B83F3251783D3005DAB8C /* Calc_StackView */;
			targetProxy = B56B8416251783D4005DAB8C /* PBXContainerItemProxy */;
		};
/* End PBXTargetDependency section */

/* Begin PBXVariantGroup section */
		B56B83FD251783D3005DAB8C /* Main.storyboard */ = {
			isa = PBXVariantGroup;
			children = (
				B56B83FE251783D3005DAB8C /* Base */,
			);
			name = Main.storyboard;
			sourceTree = "<group>";
		};
		B56B8402251783D4005DAB8C /* LaunchScreen.storyboard */ = {
			isa = PBXVariantGroup;
			children = (
				B56B8403251783D4005DAB8C /* Base */,
			);
			name = LaunchScreen.storyboard;
			sourceTree = "<group>";
		};
/* End PBXVariantGroup section */

/* Begin XCBuildConfiguration section */
		B56B841C251783D4005DAB8C /* Debug */ = {
			isa = XCBuildConfiguration;
			buildSettings = {
				ALWAYS_SEARCH_USER_PATHS = NO;
				CLANG_ANALYZER_NONNULL = YES;
				CLANG_ANALYZER_NUMBER_OBJECT_CONVERSION = YES_AGGRESSIVE;
				CLANG_CXX_LANGUAGE_STANDARD = "gnu++14";
				CLANG_CXX_LIBRARY = "libc++";
				CLANG_ENABLE_MODULES = YES;
				CLANG_ENABLE_OBJC_ARC = YES;
				CLANG_ENABLE_OBJC_WEAK = YES;
				CLANG_WARN_BLOCK_CAPTURE_AUTORELEASING = YES;
				CLANG_WARN_BOOL_CONVERSION = YES;
				CLANG_WARN_COMMA = YES;
				CLANG_WARN_CONSTANT_CONVERSION = YES;
				CLANG_WARN_DEPRECATED_OBJC_IMPLEMENTATIONS = YES;
				CLANG_WARN_DIRECT_OBJC_ISA_USAGE = YES_ERROR;
				CLANG_WARN_DOCUMENTATION_COMMENTS = YES;
				CLANG_WARN_EMPTY_BODY = YES;
				CLANG_WARN_ENUM_CONVERSION = YES;
				CLANG_WARN_INFINITE_RECURSION = YES;
				CLANG_WARN_INT_CONVERSION = YES;
				CLANG_WARN_NON_LITERAL_NULL_CONVERSION = YES;
				CLANG_WARN_OBJC_IMPLICIT_RETAIN_SELF = YES;
				CLANG_WARN_OBJC_LITERAL_CONVERSION = YES;
				CLANG_WARN_OBJC_ROOT_CLASS = YES_ERROR;
				CLANG_WARN_QUOTED_INCLUDE_IN_FRAMEWORK_HEADER = YES;
				CLANG_WARN_RANGE_LOOP_ANALYSIS = YES;
				CLANG_WARN_STRICT_PROTOTYPES = YES;
				CLANG_WARN_SUSPICIOUS_MOVE = YES;
				CLANG_WARN_UNGUARDED_AVAILABILITY = YES_AGGRESSIVE;
				CLANG_WARN_UNREACHABLE_CODE = YES;
				CLANG_WARN__DUPLICATE_METHOD_MATCH = YES;
				COPY_PHASE_STRIP = NO;
				DEBUG_INFORMATION_FORMAT = dwarf;
				ENABLE_STRICT_OBJC_MSGSEND = YES;
				ENABLE_TESTABILITY = YES;
				GCC_C_LANGUAGE_STANDARD = gnu11;
				GCC_DYNAMIC_NO_PIC = NO;
				GCC_NO_COMMON_BLOCKS = YES;
				GCC_OPTIMIZATION_LEVEL = 0;
				GCC_PREPROCESSOR_DEFINITIONS = (
					"DEBUG=1",
					"$(inherited)",
				);
				GCC_WARN_64_TO_32_BIT_CONVERSION = YES;
				GCC_WARN_ABOUT_RETURN_TYPE = YES_ERROR;
				GCC_WARN_UNDECLARED_SELECTOR = YES;
				GCC_WARN_UNINITIALIZED_AUTOS = YES_AGGRESSIVE;
				GCC_WARN_UNUSED_FUNCTION = YES;
				GCC_WARN_UNUSED_VARIABLE = YES;
				IPHONEOS_DEPLOYMENT_TARGET = 14.0;
				MTL_ENABLE_DEBUG_INFO = INCLUDE_SOURCE;
				MTL_FAST_MATH = YES;
				ONLY_ACTIVE_ARCH = YES;
				SDKROOT = iphoneos;
				SWIFT_ACTIVE_COMPILATION_CONDITIONS = DEBUG;
				SWIFT_OPTIMIZATION_LEVEL = "-Onone";
			};
			name = Debug;
		};
		B56B841D251783D4005DAB8C /* Release */ = {
			isa = XCBuildConfiguration;
			buildSettings = {
				ALWAYS_SEARCH_USER_PATHS = NO;
				CLANG_ANALYZER_NONNULL = YES;
				CLANG_ANALYZER_NUMBER_OBJECT_CONVERSION = YES_AGGRESSIVE;
				CLANG_CXX_LANGUAGE_STANDARD = "gnu++14";
				CLANG_CXX_LIBRARY = "libc++";
				CLANG_ENABLE_MODULES = YES;
				CLANG_ENABLE_OBJC_ARC = YES;
				CLANG_ENABLE_OBJC_WEAK = YES;
				CLANG_WARN_BLOCK_CAPTURE_AUTORELEASING = YES;
				CLANG_WARN_BOOL_CONVERSION = YES;
				CLANG_WARN_COMMA = YES;
				CLANG_WARN_CONSTANT_CONVERSION = YES;
				CLANG_WARN_DEPRECATED_OBJC_IMPLEMENTATIONS = YES;
				CLANG_WARN_DIRECT_OBJC_ISA_USAGE = YES_ERROR;
				CLANG_WARN_DOCUMENTATION_COMMENTS = YES;
				CLANG_WARN_EMPTY_BODY = YES;
				CLANG_WARN_ENUM_CONVERSION = YES;
				CLANG_WARN_INFINITE_RECURSION = YES;
				CLANG_WARN_INT_CONVERSION = YES;
				CLANG_WARN_NON_LITERAL_NULL_CONVERSION = YES;
				CLANG_WARN_OBJC_IMPLICIT_RETAIN_SELF = YES;
				CLANG_WARN_OBJC_LITERAL_CONVERSION = YES;
				CLANG_WARN_OBJC_ROOT_CLASS = YES_ERROR;
				CLANG_WARN_QUOTED_INCLUDE_IN_FRAMEWORK_HEADER = YES;
				CLANG_WARN_RANGE_LOOP_ANALYSIS = YES;
				CLANG_WARN_STRICT_PROTOTYPES = YES;
				CLANG_WARN_SUSPICIOUS_MOVE = YES;
				CLANG_WARN_UNGUARDED_AVAILABILITY = YES_AGGRESSIVE;
				CLANG_WARN_UNREACHABLE_CODE = YES;
				CLANG_WARN__DUPLICATE_METHOD_MATCH = YES;
				COPY_PHASE_STRIP = NO;
				DEBUG_INFORMATION_FORMAT = "dwarf-with-dsym";
				ENABLE_NS_ASSERTIONS = NO;
				ENABLE_STRICT_OBJC_MSGSEND = YES;
				GCC_C_LANGUAGE_STANDARD = gnu11;
				GCC_NO_COMMON_BLOCKS = YES;
				GCC_WARN_64_TO_32_BIT_CONVERSION = YES;
				GCC_WARN_ABOUT_RETURN_TYPE = YES_ERROR;
				GCC_WARN_UNDECLARED_SELECTOR = YES;
				GCC_WARN_UNINITIALIZED_AUTOS = YES_AGGRESSIVE;
				GCC_WARN_UNUSED_FUNCTION = YES;
				GCC_WARN_UNUSED_VARIABLE = YES;
				IPHONEOS_DEPLOYMENT_TARGET = 14.0;
				MTL_ENABLE_DEBUG_INFO = NO;
				MTL_FAST_MATH = YES;
				SDKROOT = iphoneos;
				SWIFT_COMPILATION_MODE = wholemodule;
				SWIFT_OPTIMIZATION_LEVEL = "-O";
				VALIDATE_PRODUCT = YES;
			};
			name = Release;
		};
		B56B841F251783D4005DAB8C /* Debug */ = {
			isa = XCBuildConfiguration;
			buildSettings = {
				ASSETCATALOG_COMPILER_APPICON_NAME = AppIcon;
				ASSETCATALOG_COMPILER_GLOBAL_ACCENT_COLOR_NAME = AccentColor;
				CODE_SIGN_STYLE = Automatic;
				DEVELOPMENT_TEAM = NSCRL9SYQK;
				INFOPLIST_FILE = Calc_StackView/Info.plist;
				LD_RUNPATH_SEARCH_PATHS = (
					"$(inherited)",
					"@executable_path/Frameworks",
				);
				PRODUCT_BUNDLE_IDENTIFIER = "com.sbk.Calc-StackView";
				PRODUCT_NAME = "$(TARGET_NAME)";
				SWIFT_VERSION = 5.0;
				TARGETED_DEVICE_FAMILY = "1,2";
			};
			name = Debug;
		};
		B56B8420251783D4005DAB8C /* Release */ = {
			isa = XCBuildConfiguration;
			buildSettings = {
				ASSETCATALOG_COMPILER_APPICON_NAME = AppIcon;
				ASSETCATALOG_COMPILER_GLOBAL_ACCENT_COLOR_NAME = AccentColor;
				CODE_SIGN_STYLE = Automatic;
				DEVELOPMENT_TEAM = NSCRL9SYQK;
				INFOPLIST_FILE = Calc_StackView/Info.plist;
				LD_RUNPATH_SEARCH_PATHS = (
					"$(inherited)",
					"@executable_path/Frameworks",
				);
				PRODUCT_BUNDLE_IDENTIFIER = "com.sbk.Calc-StackView";
				PRODUCT_NAME = "$(TARGET_NAME)";
				SWIFT_VERSION = 5.0;
				TARGETED_DEVICE_FAMILY = "1,2";
			};
			name = Release;
		};
		B56B8422251783D4005DAB8C /* Debug */ = {
			isa = XCBuildConfiguration;
			buildSettings = {
				ALWAYS_EMBED_SWIFT_STANDARD_LIBRARIES = YES;
				BUNDLE_LOADER = "$(TEST_HOST)";
				CODE_SIGN_STYLE = Automatic;
				DEVELOPMENT_TEAM = NSCRL9SYQK;
				INFOPLIST_FILE = Calc_StackViewTests/Info.plist;
				IPHONEOS_DEPLOYMENT_TARGET = 14.0;
				LD_RUNPATH_SEARCH_PATHS = (
					"$(inherited)",
					"@executable_path/Frameworks",
					"@loader_path/Frameworks",
				);
				PRODUCT_BUNDLE_IDENTIFIER = "com.sbk.Calc-StackViewTests";
				PRODUCT_NAME = "$(TARGET_NAME)";
				SWIFT_VERSION = 5.0;
				TARGETED_DEVICE_FAMILY = "1,2";
				TEST_HOST = "$(BUILT_PRODUCTS_DIR)/Calc_StackView.app/Calc_StackView";
			};
			name = Debug;
		};
		B56B8423251783D4005DAB8C /* Release */ = {
			isa = XCBuildConfiguration;
			buildSettings = {
				ALWAYS_EMBED_SWIFT_STANDARD_LIBRARIES = YES;
				BUNDLE_LOADER = "$(TEST_HOST)";
				CODE_SIGN_STYLE = Automatic;
				DEVELOPMENT_TEAM = NSCRL9SYQK;
				INFOPLIST_FILE = Calc_StackViewTests/Info.plist;
				IPHONEOS_DEPLOYMENT_TARGET = 14.0;
				LD_RUNPATH_SEARCH_PATHS = (
					"$(inherited)",
					"@executable_path/Frameworks",
					"@loader_path/Frameworks",
				);
				PRODUCT_BUNDLE_IDENTIFIER = "com.sbk.Calc-StackViewTests";
				PRODUCT_NAME = "$(TARGET_NAME)";
				SWIFT_VERSION = 5.0;
				TARGETED_DEVICE_FAMILY = "1,2";
				TEST_HOST = "$(BUILT_PRODUCTS_DIR)/Calc_StackView.app/Calc_StackView";
			};
			name = Release;
		};
		B56B8425251783D4005DAB8C /* Debug */ = {
			isa = XCBuildConfiguration;
			buildSettings = {
				ALWAYS_EMBED_SWIFT_STANDARD_LIBRARIES = YES;
				CODE_SIGN_STYLE = Automatic;
				DEVELOPMENT_TEAM = NSCRL9SYQK;
				INFOPLIST_FILE = Calc_StackViewUITests/Info.plist;
				LD_RUNPATH_SEARCH_PATHS = (
					"$(inherited)",
					"@executable_path/Frameworks",
					"@loader_path/Frameworks",
				);
				PRODUCT_BUNDLE_IDENTIFIER = "com.sbk.Calc-StackViewUITests";
				PRODUCT_NAME = "$(TARGET_NAME)";
				SWIFT_VERSION = 5.0;
				TARGETED_DEVICE_FAMILY = "1,2";
				TEST_TARGET_NAME = Calc_StackView;
			};
			name = Debug;
		};
		B56B8426251783D4005DAB8C /* Release */ = {
			isa = XCBuildConfiguration;
			buildSettings = {
				ALWAYS_EMBED_SWIFT_STANDARD_LIBRARIES = YES;
				CODE_SIGN_STYLE = Automatic;
				DEVELOPMENT_TEAM = NSCRL9SYQK;
				INFOPLIST_FILE = Calc_StackViewUITests/Info.plist;
				LD_RUNPATH_SEARCH_PATHS = (
					"$(inherited)",
					"@executable_path/Frameworks",
					"@loader_path/Frameworks",
				);
				PRODUCT_BUNDLE_IDENTIFIER = "com.sbk.Calc-StackViewUITests";
				PRODUCT_NAME = "$(TARGET_NAME)";
				SWIFT_VERSION = 5.0;
				TARGETED_DEVICE_FAMILY = "1,2";
				TEST_TARGET_NAME = Calc_StackView;
			};
			name = Release;
		};
/* End XCBuildConfiguration section */

/* Begin XCConfigurationList section */
		B56B83EF251783D3005DAB8C /* Build configuration list for PBXProject "Calc_StackView" */ = {
			isa = XCConfigurationList;
			buildConfigurations = (
				B56B841C251783D4005DAB8C /* Debug */,
				B56B841D251783D4005DAB8C /* Release */,
			);
			defaultConfigurationIsVisible = 0;
			defaultConfigurationName = Release;
		};
		B56B841E251783D4005DAB8C /* Build configuration list for PBXNativeTarget "Calc_StackView" */ = {
			isa = XCConfigurationList;
			buildConfigurations = (
				B56B841F251783D4005DAB8C /* Debug */,
				B56B8420251783D4005DAB8C /* Release */,
			);
			defaultConfigurationIsVisible = 0;
			defaultConfigurationName = Release;
		};
		B56B8421251783D4005DAB8C /* Build configuration list for PBXNativeTarget "Calc_StackViewTests" */ = {
			isa = XCConfigurationList;
			buildConfigurations = (
				B56B8422251783D4005DAB8C /* Debug */,
				B56B8423251783D4005DAB8C /* Release */,
			);
			defaultConfigurationIsVisible = 0;
			defaultConfigurationName = Release;
		};
		B56B8424251783D4005DAB8C /* Build configuration list for PBXNativeTarget "Calc_StackViewUITests" */ = {
			isa = XCConfigurationList;
			buildConfigurations = (
				B56B8425251783D4005DAB8C /* Debug */,
				B56B8426251783D4005DAB8C /* Release */,
			);
			defaultConfigurationIsVisible = 0;
			defaultConfigurationName = Release;
		};
/* End XCConfigurationList section */
	};
	rootObject = B56B83EC251783D3005DAB8C /* Project object */;
}
