// !$*UTF8*$!
{
	archiveVersion = 1;
	classes = {
	};
	objectVersion = 50;
	objects = {

/* Begin PBXBuildFile section */
		B5663E132507588800BEBB80 /* AppDelegate.swift in Sources */ = {isa = PBXBuildFile; fileRef = B5663E122507588800BEBB80 /* AppDelegate.swift */; };
		B5663E152507588800BEBB80 /* SceneDelegate.swift in Sources */ = {isa = PBXBuildFile; fileRef = B5663E142507588800BEBB80 /* SceneDelegate.swift */; };
		B5663E1A2507588800BEBB80 /* Main.storyboard in Resources */ = {isa = PBXBuildFile; fileRef = B5663E182507588800BEBB80 /* Main.storyboard */; };
		B5663E1C2507588900BEBB80 /* Assets.xcassets in Resources */ = {isa = PBXBuildFile; fileRef = B5663E1B2507588900BEBB80 /* Assets.xcassets */; };
		B5663E1F2507588900BEBB80 /* LaunchScreen.storyboard in Resources */ = {isa = PBXBuildFile; fileRef = B5663E1D2507588900BEBB80 /* LaunchScreen.storyboard */; };
		B5663E2C25075A4D00BEBB80 /* ContainerController.swift in Sources */ = {isa = PBXBuildFile; fileRef = B5663E2B25075A4D00BEBB80 /* ContainerController.swift */; };
		B5663E2E25075A5E00BEBB80 /* HomeController.swift in Sources */ = {isa = PBXBuildFile; fileRef = B5663E2D25075A5E00BEBB80 /* HomeController.swift */; };
		B5663E3025075A7200BEBB80 /* MenuController.swift in Sources */ = {isa = PBXBuildFile; fileRef = B5663E2F25075A7200BEBB80 /* MenuController.swift */; };
		B5663E32250772A200BEBB80 /* Protocols.swift in Sources */ = {isa = PBXBuildFile; fileRef = B5663E31250772A200BEBB80 /* Protocols.swift */; };
		B5663E342507763E00BEBB80 /* MenuOptionCell.swift in Sources */ = {isa = PBXBuildFile; fileRef = B5663E332507763E00BEBB80 /* MenuOptionCell.swift */; };
		B5663E3625077A6400BEBB80 /* MenuOption.swift in Sources */ = {isa = PBXBuildFile; fileRef = B5663E3525077A6400BEBB80 /* MenuOption.swift */; };
		B5663E38250781E400BEBB80 /* SettingController.swift in Sources */ = {isa = PBXBuildFile; fileRef = B5663E37250781E400BEBB80 /* SettingController.swift */; };
/* End PBXBuildFile section */

/* Begin PBXFileReference section */
		B5663E0F2507588800BEBB80 /* HamburgerMenu_2.app */ = {isa = PBXFileReference; explicitFileType = wrapper.application; includeInIndex = 0; path = HamburgerMenu_2.app; sourceTree = BUILT_PRODUCTS_DIR; };
		B5663E122507588800BEBB80 /* AppDelegate.swift */ = {isa = PBXFileReference; lastKnownFileType = sourcecode.swift; path = AppDelegate.swift; sourceTree = "<group>"; };
		B5663E142507588800BEBB80 /* SceneDelegate.swift */ = {isa = PBXFileReference; lastKnownFileType = sourcecode.swift; path = SceneDelegate.swift; sourceTree = "<group>"; };
		B5663E192507588800BEBB80 /* Base */ = {isa = PBXFileReference; lastKnownFileType = file.storyboard; name = Base; path = Base.lproj/Main.storyboard; sourceTree = "<group>"; };
		B5663E1B2507588900BEBB80 /* Assets.xcassets */ = {isa = PBXFileReference; lastKnownFileType = folder.assetcatalog; path = Assets.xcassets; sourceTree = "<group>"; };
		B5663E1E2507588900BEBB80 /* Base */ = {isa = PBXFileReference; lastKnownFileType = file.storyboard; name = Base; path = Base.lproj/LaunchScreen.storyboard; sourceTree = "<group>"; };
		B5663E202507588900BEBB80 /* Info.plist */ = {isa = PBXFileReference; lastKnownFileType = text.plist.xml; path = Info.plist; sourceTree = "<group>"; };
		B5663E2B25075A4D00BEBB80 /* ContainerController.swift */ = {isa = PBXFileReference; lastKnownFileType = sourcecode.swift; path = ContainerController.swift; sourceTree = "<group>"; };
		B5663E2D25075A5E00BEBB80 /* HomeController.swift */ = {isa = PBXFileReference; lastKnownFileType = sourcecode.swift; path = HomeController.swift; sourceTree = "<group>"; };
		B5663E2F25075A7200BEBB80 /* MenuController.swift */ = {isa = PBXFileReference; lastKnownFileType = sourcecode.swift; path = MenuController.swift; sourceTree = "<group>"; };
		B5663E31250772A200BEBB80 /* Protocols.swift */ = {isa = PBXFileReference; lastKnownFileType = sourcecode.swift; name = Protocols.swift; path = HamburgerMenu_2/Controller/Protocols.swift; sourceTree = SOURCE_ROOT; };
		B5663E332507763E00BEBB80 /* MenuOptionCell.swift */ = {isa = PBXFileReference; lastKnownFileType = sourcecode.swift; path = MenuOptionCell.swift; sourceTree = "<group>"; };
		B5663E3525077A6400BEBB80 /* MenuOption.swift */ = {isa = PBXFileReference; lastKnownFileType = sourcecode.swift; path = MenuOption.swift; sourceTree = "<group>"; };
		B5663E37250781E400BEBB80 /* SettingController.swift */ = {isa = PBXFileReference; lastKnownFileType = sourcecode.swift; path = SettingController.swift; sourceTree = "<group>"; };
/* End PBXFileReference section */

/* Begin PBXFrameworksBuildPhase section */
		B5663E0C2507588800BEBB80 /* Frameworks */ = {
			isa = PBXFrameworksBuildPhase;
			buildActionMask = 2147483647;
			files = (
			);
			runOnlyForDeploymentPostprocessing = 0;
		};
/* End PBXFrameworksBuildPhase section */

/* Begin PBXGroup section */
		B5663E062507588800BEBB80 = {
			isa = PBXGroup;
			children = (
				B5663E112507588800BEBB80 /* HamburgerMenu_2 */,
				B5663E102507588800BEBB80 /* Products */,
			);
			sourceTree = "<group>";
		};
		B5663E102507588800BEBB80 /* Products */ = {
			isa = PBXGroup;
			children = (
				B5663E0F2507588800BEBB80 /* HamburgerMenu_2.app */,
			);
			name = Products;
			sourceTree = "<group>";
		};
		B5663E112507588800BEBB80 /* HamburgerMenu_2 */ = {
			isa = PBXGroup;
			children = (
				B5663E122507588800BEBB80 /* AppDelegate.swift */,
				B5663E142507588800BEBB80 /* SceneDelegate.swift */,
				B5663E2A25075A0200BEBB80 /* Utils */,
				B5663E29250759F900BEBB80 /* Model */,
				B5663E27250759E700BEBB80 /* View */,
				B5663E26250759C600BEBB80 /* Controller */,
				B5663E182507588800BEBB80 /* Main.storyboard */,
				B5663E1B2507588900BEBB80 /* Assets.xcassets */,
				B5663E1D2507588900BEBB80 /* LaunchScreen.storyboard */,
				B5663E202507588900BEBB80 /* Info.plist */,
			);
			path = HamburgerMenu_2;
			sourceTree = "<group>";
		};
		B5663E26250759C600BEBB80 /* Controller */ = {
			isa = PBXGroup;
			children = (
				B5663E2B25075A4D00BEBB80 /* ContainerController.swift */,
				B5663E37250781E400BEBB80 /* SettingController.swift */,
				B5663E2D25075A5E00BEBB80 /* HomeController.swift */,
				B5663E2F25075A7200BEBB80 /* MenuController.swift */,
			);
			path = Controller;
			sourceTree = "<group>";
		};
		B5663E27250759E700BEBB80 /* View */ = {
			isa = PBXGroup;
			children = (
				B5663E332507763E00BEBB80 /* MenuOptionCell.swift */,
			);
			path = View;
			sourceTree = "<group>";
		};
		B5663E29250759F900BEBB80 /* Model */ = {
			isa = PBXGroup;
			children = (
				B5663E3525077A6400BEBB80 /* MenuOption.swift */,
			);
			path = Model;
			sourceTree = "<group>";
		};
		B5663E2A25075A0200BEBB80 /* Utils */ = {
			isa = PBXGroup;
			children = (
				B5663E31250772A200BEBB80 /* Protocols.swift */,
			);
			name = Utils;
			path = "New Group2/Utils";
			sourceTree = "<group>";
		};
/* End PBXGroup section */

/* Begin PBXNativeTarget section */
		B5663E0E2507588800BEBB80 /* HamburgerMenu_2 */ = {
			isa = PBXNativeTarget;
			buildConfigurationList = B5663E232507588900BEBB80 /* Build configuration list for PBXNativeTarget "HamburgerMenu_2" */;
			buildPhases = (
				B5663E0B2507588800BEBB80 /* Sources */,
				B5663E0C2507588800BEBB80 /* Frameworks */,
				B5663E0D2507588800BEBB80 /* Resources */,
			);
			buildRules = (
			);
			dependencies = (
			);
			name = HamburgerMenu_2;
			productName = HamburgerMenu_2;
			productReference = B5663E0F2507588800BEBB80 /* HamburgerMenu_2.app */;
			productType = "com.apple.product-type.application";
		};
/* End PBXNativeTarget section */

/* Begin PBXProject section */
		B5663E072507588800BEBB80 /* Project object */ = {
			isa = PBXProject;
			attributes = {
				LastSwiftUpdateCheck = 1170;
				LastUpgradeCheck = 1170;
				ORGANIZATIONNAME = "서보경";
				TargetAttributes = {
					B5663E0E2507588800BEBB80 = {
						CreatedOnToolsVersion = 11.7;
					};
				};
			};
			buildConfigurationList = B5663E0A2507588800BEBB80 /* Build configuration list for PBXProject "HamburgerMenu_2" */;
			compatibilityVersion = "Xcode 9.3";
			developmentRegion = en;
			hasScannedForEncodings = 0;
			knownRegions = (
				en,
				Base,
			);
			mainGroup = B5663E062507588800BEBB80;
			productRefGroup = B5663E102507588800BEBB80 /* Products */;
			projectDirPath = "";
			projectRoot = "";
			targets = (
				B5663E0E2507588800BEBB80 /* HamburgerMenu_2 */,
			);
		};
/* End PBXProject section */

/* Begin PBXResourcesBuildPhase section */
		B5663E0D2507588800BEBB80 /* Resources */ = {
			isa = PBXResourcesBuildPhase;
			buildActionMask = 2147483647;
			files = (
				B5663E1F2507588900BEBB80 /* LaunchScreen.storyboard in Resources */,
				B5663E1C2507588900BEBB80 /* Assets.xcassets in Resources */,
				B5663E1A2507588800BEBB80 /* Main.storyboard in Resources */,
			);
			runOnlyForDeploymentPostprocessing = 0;
		};
/* End PBXResourcesBuildPhase section */

/* Begin PBXSourcesBuildPhase section */
		B5663E0B2507588800BEBB80 /* Sources */ = {
			isa = PBXSourcesBuildPhase;
			buildActionMask = 2147483647;
			files = (
				B5663E38250781E400BEBB80 /* SettingController.swift in Sources */,
				B5663E342507763E00BEBB80 /* MenuOptionCell.swift in Sources */,
				B5663E3625077A6400BEBB80 /* MenuOption.swift in Sources */,
				B5663E132507588800BEBB80 /* AppDelegate.swift in Sources */,
				B5663E152507588800BEBB80 /* SceneDelegate.swift in Sources */,
				B5663E2C25075A4D00BEBB80 /* ContainerController.swift in Sources */,
				B5663E32250772A200BEBB80 /* Protocols.swift in Sources */,
				B5663E3025075A7200BEBB80 /* MenuController.swift in Sources */,
				B5663E2E25075A5E00BEBB80 /* HomeController.swift in Sources */,
			);
			runOnlyForDeploymentPostprocessing = 0;
		};
/* End PBXSourcesBuildPhase section */

/* Begin PBXVariantGroup section */
		B5663E182507588800BEBB80 /* Main.storyboard */ = {
			isa = PBXVariantGroup;
			children = (
				B5663E192507588800BEBB80 /* Base */,
			);
			name = Main.storyboard;
			sourceTree = "<group>";
		};
		B5663E1D2507588900BEBB80 /* LaunchScreen.storyboard */ = {
			isa = PBXVariantGroup;
			children = (
				B5663E1E2507588900BEBB80 /* Base */,
			);
			name = LaunchScreen.storyboard;
			sourceTree = "<group>";
		};
/* End PBXVariantGroup section */

/* Begin XCBuildConfiguration section */
		B5663E212507588900BEBB80 /* Debug */ = {
			isa = XCBuildConfiguration;
			buildSettings = {
				ALWAYS_SEARCH_USER_PATHS = NO;
				CLANG_ANALYZER_NONNULL = YES;
				CLANG_ANALYZER_NUMBER_OBJECT_CONVERSION = YES_AGGRESSIVE;
				CLANG_CXX_LANGUAGE_STANDARD = "gnu++14";
				CLANG_CXX_LIBRARY = "libc++";
				CLANG_ENABLE_MODULES = YES;
				CLANG_ENABLE_OBJC_ARC = YES;
				CLANG_ENABLE_OBJC_WEAK = YES;
				CLANG_WARN_BLOCK_CAPTURE_AUTORELEASING = YES;
				CLANG_WARN_BOOL_CONVERSION = YES;
				CLANG_WARN_COMMA = YES;
				CLANG_WARN_CONSTANT_CONVERSION = YES;
				CLANG_WARN_DEPRECATED_OBJC_IMPLEMENTATIONS = YES;
				CLANG_WARN_DIRECT_OBJC_ISA_USAGE = YES_ERROR;
				CLANG_WARN_DOCUMENTATION_COMMENTS = YES;
				CLANG_WARN_EMPTY_BODY = YES;
				CLANG_WARN_ENUM_CONVERSION = YES;
				CLANG_WARN_INFINITE_RECURSION = YES;
				CLANG_WARN_INT_CONVERSION = YES;
				CLANG_WARN_NON_LITERAL_NULL_CONVERSION = YES;
				CLANG_WARN_OBJC_IMPLICIT_RETAIN_SELF = YES;
				CLANG_WARN_OBJC_LITERAL_CONVERSION = YES;
				CLANG_WARN_OBJC_ROOT_CLASS = YES_ERROR;
				CLANG_WARN_RANGE_LOOP_ANALYSIS = YES;
				CLANG_WARN_STRICT_PROTOTYPES = YES;
				CLANG_WARN_SUSPICIOUS_MOVE = YES;
				CLANG_WARN_UNGUARDED_AVAILABILITY = YES_AGGRESSIVE;
				CLANG_WARN_UNREACHABLE_CODE = YES;
				CLANG_WARN__DUPLICATE_METHOD_MATCH = YES;
				COPY_PHASE_STRIP = NO;
				DEBUG_INFORMATION_FORMAT = dwarf;
				ENABLE_STRICT_OBJC_MSGSEND = YES;
				ENABLE_TESTABILITY = YES;
				GCC_C_LANGUAGE_STANDARD = gnu11;
				GCC_DYNAMIC_NO_PIC = NO;
				GCC_NO_COMMON_BLOCKS = YES;
				GCC_OPTIMIZATION_LEVEL = 0;
				GCC_PREPROCESSOR_DEFINITIONS = (
					"DEBUG=1",
					"$(inherited)",
				);
				GCC_WARN_64_TO_32_BIT_CONVERSION = YES;
				GCC_WARN_ABOUT_RETURN_TYPE = YES_ERROR;
				GCC_WARN_UNDECLARED_SELECTOR = YES;
				GCC_WARN_UNINITIALIZED_AUTOS = YES_AGGRESSIVE;
				GCC_WARN_UNUSED_FUNCTION = YES;
				GCC_WARN_UNUSED_VARIABLE = YES;
				IPHONEOS_DEPLOYMENT_TARGET = 13.7;
				MTL_ENABLE_DEBUG_INFO = INCLUDE_SOURCE;
				MTL_FAST_MATH = YES;
				ONLY_ACTIVE_ARCH = YES;
				SDKROOT = iphoneos;
				SWIFT_ACTIVE_COMPILATION_CONDITIONS = DEBUG;
				SWIFT_OPTIMIZATION_LEVEL = "-Onone";
			};
			name = Debug;
		};
		B5663E222507588900BEBB80 /* Release */ = {
			isa = XCBuildConfiguration;
			buildSettings = {
				ALWAYS_SEARCH_USER_PATHS = NO;
				CLANG_ANALYZER_NONNULL = YES;
				CLANG_ANALYZER_NUMBER_OBJECT_CONVERSION = YES_AGGRESSIVE;
				CLANG_CXX_LANGUAGE_STANDARD = "gnu++14";
				CLANG_CXX_LIBRARY = "libc++";
				CLANG_ENABLE_MODULES = YES;
				CLANG_ENABLE_OBJC_ARC = YES;
				CLANG_ENABLE_OBJC_WEAK = YES;
				CLANG_WARN_BLOCK_CAPTURE_AUTORELEASING = YES;
				CLANG_WARN_BOOL_CONVERSION = YES;
				CLANG_WARN_COMMA = YES;
				CLANG_WARN_CONSTANT_CONVERSION = YES;
				CLANG_WARN_DEPRECATED_OBJC_IMPLEMENTATIONS = YES;
				CLANG_WARN_DIRECT_OBJC_ISA_USAGE = YES_ERROR;
				CLANG_WARN_DOCUMENTATION_COMMENTS = YES;
				CLANG_WARN_EMPTY_BODY = YES;
				CLANG_WARN_ENUM_CONVERSION = YES;
				CLANG_WARN_INFINITE_RECURSION = YES;
				CLANG_WARN_INT_CONVERSION = YES;
				CLANG_WARN_NON_LITERAL_NULL_CONVERSION = YES;
				CLANG_WARN_OBJC_IMPLICIT_RETAIN_SELF = YES;
				CLANG_WARN_OBJC_LITERAL_CONVERSION = YES;
				CLANG_WARN_OBJC_ROOT_CLASS = YES_ERROR;
				CLANG_WARN_RANGE_LOOP_ANALYSIS = YES;
				CLANG_WARN_STRICT_PROTOTYPES = YES;
				CLANG_WARN_SUSPICIOUS_MOVE = YES;
				CLANG_WARN_UNGUARDED_AVAILABILITY = YES_AGGRESSIVE;
				CLANG_WARN_UNREACHABLE_CODE = YES;
				CLANG_WARN__DUPLICATE_METHOD_MATCH = YES;
				COPY_PHASE_STRIP = NO;
				DEBUG_INFORMATION_FORMAT = "dwarf-with-dsym";
				ENABLE_NS_ASSERTIONS = NO;
				ENABLE_STRICT_OBJC_MSGSEND = YES;
				GCC_C_LANGUAGE_STANDARD = gnu11;
				GCC_NO_COMMON_BLOCKS = YES;
				GCC_WARN_64_TO_32_BIT_CONVERSION = YES;
				GCC_WARN_ABOUT_RETURN_TYPE = YES_ERROR;
				GCC_WARN_UNDECLARED_SELECTOR = YES;
				GCC_WARN_UNINITIALIZED_AUTOS = YES_AGGRESSIVE;
				GCC_WARN_UNUSED_FUNCTION = YES;
				GCC_WARN_UNUSED_VARIABLE = YES;
				IPHONEOS_DEPLOYMENT_TARGET = 13.7;
				MTL_ENABLE_DEBUG_INFO = NO;
				MTL_FAST_MATH = YES;
				SDKROOT = iphoneos;
				SWIFT_COMPILATION_MODE = wholemodule;
				SWIFT_OPTIMIZATION_LEVEL = "-O";
				VALIDATE_PRODUCT = YES;
			};
			name = Release;
		};
		B5663E242507588900BEBB80 /* Debug */ = {
			isa = XCBuildConfiguration;
			buildSettings = {
				ASSETCATALOG_COMPILER_APPICON_NAME = AppIcon;
				CODE_SIGN_STYLE = Automatic;
				DEVELOPMENT_TEAM = NSCRL9SYQK;
				INFOPLIST_FILE = HamburgerMenu_2/Info.plist;
				LD_RUNPATH_SEARCH_PATHS = (
					"$(inherited)",
					"@executable_path/Frameworks",
				);
				PRODUCT_BUNDLE_IDENTIFIER = "com.sbk.HamburgerMenu-2";
				PRODUCT_NAME = "$(TARGET_NAME)";
				SWIFT_VERSION = 5.0;
				TARGETED_DEVICE_FAMILY = "1,2";
			};
			name = Debug;
		};
		B5663E252507588900BEBB80 /* Release */ = {
			isa = XCBuildConfiguration;
			buildSettings = {
				ASSETCATALOG_COMPILER_APPICON_NAME = AppIcon;
				CODE_SIGN_STYLE = Automatic;
				DEVELOPMENT_TEAM = NSCRL9SYQK;
				INFOPLIST_FILE = HamburgerMenu_2/Info.plist;
				LD_RUNPATH_SEARCH_PATHS = (
					"$(inherited)",
					"@executable_path/Frameworks",
				);
				PRODUCT_BUNDLE_IDENTIFIER = "com.sbk.HamburgerMenu-2";
				PRODUCT_NAME = "$(TARGET_NAME)";
				SWIFT_VERSION = 5.0;
				TARGETED_DEVICE_FAMILY = "1,2";
			};
			name = Release;
		};
/* End XCBuildConfiguration section */

/* Begin XCConfigurationList section */
		B5663E0A2507588800BEBB80 /* Build configuration list for PBXProject "HamburgerMenu_2" */ = {
			isa = XCConfigurationList;
			buildConfigurations = (
				B5663E212507588900BEBB80 /* Debug */,
				B5663E222507588900BEBB80 /* Release */,
			);
			defaultConfigurationIsVisible = 0;
			defaultConfigurationName = Release;
		};
		B5663E232507588900BEBB80 /* Build configuration list for PBXNativeTarget "HamburgerMenu_2" */ = {
			isa = XCConfigurationList;
			buildConfigurations = (
				B5663E242507588900BEBB80 /* Debug */,
				B5663E252507588900BEBB80 /* Release */,
			);
			defaultConfigurationIsVisible = 0;
			defaultConfigurationName = Release;
		};
/* End XCConfigurationList section */
	};
	rootObject = B5663E072507588800BEBB80 /* Project object */;
}
